Microsoft Visual Studio Solution File, Format Version 10.00
# Visual Studio 2008
Project("{2150E333-8FDC-42A3-9474-1A3956D46DE8}") = "Core", "Core", "{5B3CB3F6-DE69-41D6-8BBC-EFF4932F0F7E}"
	ProjectSection(FolderStartupServices) = postProject
		{B4F97281-0DBD-4835-9ED8-7DFB966E87FF} = {B4F97281-0DBD-4835-9ED8-7DFB966E87FF}
	EndProjectSection
EndProject
Project("{2150E333-8FDC-42A3-9474-1A3956D46DE8}") = "Data.DomainObjects", "Data.DomainObjects", "{040CC4EF-ACE9-4832-AC0C-56640F2AB337}"
	ProjectSection(FolderStartupServices) = postProject
		{B4F97281-0DBD-4835-9ED8-7DFB966E87FF} = {B4F97281-0DBD-4835-9ED8-7DFB966E87FF}
	EndProjectSection
EndProject
Project("{2150E333-8FDC-42A3-9474-1A3956D46DE8}") = "Development", "Development", "{9F4D90EC-6AD2-495D-BFC3-270DC15974DD}"
	ProjectSection(FolderStartupServices) = postProject
		{B4F97281-0DBD-4835-9ED8-7DFB966E87FF} = {B4F97281-0DBD-4835-9ED8-7DFB966E87FF}
	EndProjectSection
EndProject
Project("{2150E333-8FDC-42A3-9474-1A3956D46DE8}") = "Mixins", "Mixins", "{50F3F719-99F4-493F-8964-B12F86375379}"
	ProjectSection(FolderStartupServices) = postProject
		{B4F97281-0DBD-4835-9ED8-7DFB966E87FF} = {B4F97281-0DBD-4835-9ED8-7DFB966E87FF}
	EndProjectSection
EndProject
Project("{2150E333-8FDC-42A3-9474-1A3956D46DE8}") = "ObjectBinding", "ObjectBinding", "{72195525-BF6C-43D6-AC96-39E34D02EA34}"
	ProjectSection(FolderStartupServices) = postProject
		{B4F97281-0DBD-4835-9ED8-7DFB966E87FF} = {B4F97281-0DBD-4835-9ED8-7DFB966E87FF}
	EndProjectSection
EndProject
Project("{2150E333-8FDC-42A3-9474-1A3956D46DE8}") = "Security", "Security", "{C0D62499-EEFC-43D4-9A08-659096A10886}"
	ProjectSection(FolderStartupServices) = postProject
		{B4F97281-0DBD-4835-9ED8-7DFB966E87FF} = {B4F97281-0DBD-4835-9ED8-7DFB966E87FF}
	EndProjectSection
EndProject
Project("{2150E333-8FDC-42A3-9474-1A3956D46DE8}") = "Web", "Web", "{2E32EB1E-B3AA-4ACF-BA20-EC6FD44CC05B}"
	ProjectSection(FolderStartupServices) = postProject
		{B4F97281-0DBD-4835-9ED8-7DFB966E87FF} = {B4F97281-0DBD-4835-9ED8-7DFB966E87FF}
	EndProjectSection
EndProject
Project("{2150E333-8FDC-42A3-9474-1A3956D46DE8}") = "SecurityManager", "SecurityManager", "{E1B271E4-22E6-4936-80A5-F0340AAB20A8}"
	ProjectSection(FolderStartupServices) = postProject
		{B4F97281-0DBD-4835-9ED8-7DFB966E87FF} = {B4F97281-0DBD-4835-9ED8-7DFB966E87FF}
	EndProjectSection
EndProject
Project("{2150E333-8FDC-42A3-9474-1A3956D46DE8}") = "_BuildFiles", "_BuildFiles", "{22F8ED2F-3EA0-459E-B5B6-B074A57EDAB9}"
	ProjectSection(SolutionItems) = preProject
		Build-RemotionLocal.ps1 = Build-RemotionLocal.ps1
		Build-RemotionLocalDoc.ps1 = Build-RemotionLocalDoc.ps1
		buildall.cmd = buildall.cmd
		build\buildversion.xml = build\buildversion.xml
		Remotion.build = Remotion.build
		build\Remotion.Doc.include.build = build\Remotion.Doc.include.build
		build\Remotion.include.build = build\Remotion.include.build
		build\properties.include.build = build\properties.include.build
	EndProjectSection
	ProjectSection(FolderStartupServices) = postProject
		{B4F97281-0DBD-4835-9ED8-7DFB966E87FF} = {B4F97281-0DBD-4835-9ED8-7DFB966E87FF}
	EndProjectSection
EndProject
Project("{FAE04EC0-301F-11D3-BF4B-00C04F79EFBC}") = "Core", "Core\Core.csproj", "{2AA369EC-A4E7-4D75-9101-EFA90E902625}"
EndProject
Project("{FAE04EC0-301F-11D3-BF4B-00C04F79EFBC}") = "Core.Test", "Core.Test\Core.Test.csproj", "{C216DEC9-8820-4298-B10F-FB4131466B69}"
EndProject
Project("{FAE04EC0-301F-11D3-BF4B-00C04F79EFBC}") = "ObjectBinding", "ObjectBinding\Core\ObjectBinding.csproj", "{FDCCDB1E-0962-41DA-99A1-2DB390C48748}"
EndProject
Project("{FAE04EC0-301F-11D3-BF4B-00C04F79EFBC}") = "ObjectBinding.Web", "ObjectBinding\Web\ObjectBinding.Web.csproj", "{390FBB93-A757-47A7-B769-A64A7465FF84}"
EndProject
Project("{FAE04EC0-301F-11D3-BF4B-00C04F79EFBC}") = "Development.Core", "Development\Core\Development.Core.csproj", "{B719A305-0493-4C72-88FE-9A2FC6964578}"
EndProject
Project("{FAE04EC0-301F-11D3-BF4B-00C04F79EFBC}") = "Development.Core.Test", "Development\Core.Test\Development.Core.Test.csproj", "{F5416318-15B4-421E-9B44-03CD4C052D5A}"
EndProject
Project("{FAE04EC0-301F-11D3-BF4B-00C04F79EFBC}") = "Development.CodeDom", "Development\CodeDom\Development.CodeDom.csproj", "{AD1A0CD9-C08C-449C-9A7D-2D8BC5439BDC}"
EndProject
Project("{FAE04EC0-301F-11D3-BF4B-00C04F79EFBC}") = "Web", "Web\Core\Web.csproj", "{DF8BA786-9679-4879-8757-16AE2709D83A}"
EndProject
Project("{FAE04EC0-301F-11D3-BF4B-00C04F79EFBC}") = "Web.UnitTests", "Web\UnitTests\Web.UnitTests.csproj", "{F3EE8E9C-5230-4D1A-B655-CA65E2D52F21}"
EndProject
Project("{FAE04EC0-301F-11D3-BF4B-00C04F79EFBC}") = "ObjectBinding.Web.Test", "ObjectBinding\Web.Test\ObjectBinding.Web.Test.csproj", "{FE98ED8D-E645-4E11-9431-FA5EE8ED7C86}"
EndProject
Project("{FAE04EC0-301F-11D3-BF4B-00C04F79EFBC}") = "Data.DomainObjects.UnitTests", "Data\DomainObjects.UnitTests\Data.DomainObjects.UnitTests.csproj", "{6DEF9C11-1D5A-4B14-A4EB-F4C7E7CC3E7B}"
EndProject
Project("{FAE04EC0-301F-11D3-BF4B-00C04F79EFBC}") = "Data.DomainObjects.Legacy.CodeGenerator", "Data\DomainObjects.Legacy.CodeGenerator\Data.DomainObjects.Legacy.CodeGenerator.csproj", "{49FE5865-4141-4BB0-AD13-CB42546C87ED}"
EndProject
Project("{FAE04EC0-301F-11D3-BF4B-00C04F79EFBC}") = "Data.DomainObjects.Legacy.CodeGenerator.Console", "Data\DomainObjects.Legacy.CodeGenerator.Console\Data.DomainObjects.Legacy.CodeGenerator.Console.csproj", "{CC8F1779-C744-4EB0-A3B6-AF6AC73ADF91}"
EndProject
Project("{FAE04EC0-301F-11D3-BF4B-00C04F79EFBC}") = "Data.DomainObjects.Legacy.ObjectBinding", "Data\DomainObjects.Legacy.ObjectBinding\Data.DomainObjects.Legacy.ObjectBinding.csproj", "{D06C0145-A94A-48AE-B186-BC3C8E8F3650}"
EndProject
Project("{FAE04EC0-301F-11D3-BF4B-00C04F79EFBC}") = "Data.DomainObjects.Legacy.ObjectBinding.Web", "Data\DomainObjects.Legacy.ObjectBinding.Web\Data.DomainObjects.Legacy.ObjectBinding.Web.csproj", "{9246E440-009C-44BE-A801-C66D8DE04A8F}"
EndProject
Project("{FAE04EC0-301F-11D3-BF4B-00C04F79EFBC}") = "Data.DomainObjects.PerformanceTests", "Data\DomainObjects.PerformanceTests\Data.DomainObjects.PerformanceTests.csproj", "{717B711E-97AB-4751-97C5-C0491D1919FA}"
EndProject
Project("{FAE04EC0-301F-11D3-BF4B-00C04F79EFBC}") = "Data.DomainObjects.Web", "Data\DomainObjects.Web\Data.DomainObjects.Web.csproj", "{9A8C29F9-8D50-457A-9730-57EB33C1D7CC}"
EndProject
Project("{FAE04EC0-301F-11D3-BF4B-00C04F79EFBC}") = "Data.DomainObjects.Legacy.ObjectBinding.UnitTests", "Data\DomainObjects.Legacy.ObjectBinding.UnitTests\Data.DomainObjects.Legacy.ObjectBinding.UnitTests.csproj", "{21EC480E-91C6-4558-963B-796698DBB668}"
EndProject
Project("{FAE04EC0-301F-11D3-BF4B-00C04F79EFBC}") = "Data.DomainObjects.Web.Test", "Data\DomainObjects.Web.Test\Data.DomainObjects.Web.Test.csproj", "{86C6C68B-3AF4-4ADE-95FD-29D404F114FD}"
EndProject
Project("{FAE04EC0-301F-11D3-BF4B-00C04F79EFBC}") = "Data.DomainObjects.Legacy", "Data\DomainObjects.Legacy\Data.DomainObjects.Legacy.csproj", "{E6A8B6CE-2E19-4C01-9D41-63899FE52020}"
EndProject
Project("{FAE04EC0-301F-11D3-BF4B-00C04F79EFBC}") = "Data.DomainObjects.Legacy.UnitTests", "Data\DomainObjects.Legacy.UnitTests\Data.DomainObjects.Legacy.UnitTests.csproj", "{EB96A8C6-3CCF-4610-871B-4CCBC8DF2872}"
EndProject
Project("{FAE04EC0-301F-11D3-BF4B-00C04F79EFBC}") = "Data.DomainObjects.Web.Legacy.Test", "Data\DomainObjects.Web.Legacy.Test\Data.DomainObjects.Web.Legacy.Test.csproj", "{FC03706A-039A-40CB-8859-FB887352646E}"
EndProject
Project("{FAE04EC0-301F-11D3-BF4B-00C04F79EFBC}") = "Data.DomainObjects.RdbmsTools.UnitTests", "Data\DomainObjects.RdbmsTools.UnitTests\Data.DomainObjects.RdbmsTools.UnitTests.csproj", "{C38242F1-5E19-460C-B506-2B4E00470358}"
EndProject
Project("{FAE04EC0-301F-11D3-BF4B-00C04F79EFBC}") = "Data.DomainObjects.RdbmsTools", "Data\DomainObjects.RdbmsTools\Data.DomainObjects.RdbmsTools.csproj", "{C5E0C110-5BC5-4E30-B3CF-4C6012FEE1EF}"
EndProject
Project("{FAE04EC0-301F-11D3-BF4B-00C04F79EFBC}") = "Data.DomainObjects.RdbmsTools.Console", "Data\DomainObjects.RdbmsTools.Console\Data.DomainObjects.RdbmsTools.Console.csproj", "{A6505EE0-0F6B-4CB6-ACC7-1C05C0E236BC}"
EndProject
Project("{FAE04EC0-301F-11D3-BF4B-00C04F79EFBC}") = "Security.UnitTests.TestDomain", "Security\UnitTests.TestDomain\Security.UnitTests.TestDomain.csproj", "{AC34B1D8-A295-44A4-AE9D-8167B3C3ED44}"
EndProject
Project("{FAE04EC0-301F-11D3-BF4B-00C04F79EFBC}") = "Security.Metadata.Extractor", "Security\Metadata.Extractor\Security.Metadata.Extractor.csproj", "{E294058B-D4F0-4124-BD22-15E44F57749B}"
EndProject
Project("{FAE04EC0-301F-11D3-BF4B-00C04F79EFBC}") = "Security.MSBuild.Tasks", "Security\MSBuild.Tasks\Security.MSBuild.Tasks.csproj", "{7CA0F5EF-CDEA-4B5D-9954-1CC50973C7D0}"
EndProject
Project("{FAE04EC0-301F-11D3-BF4B-00C04F79EFBC}") = "Security.Web", "Security\Web\Security.Web.csproj", "{9B6F6D1A-A7EA-4EE8-B36E-E31CF7E518E3}"
EndProject
Project("{FAE04EC0-301F-11D3-BF4B-00C04F79EFBC}") = "SecurityManager.Core", "SecurityManager\Core\SecurityManager.Core.csproj", "{990B8638-A08F-4A94-B01A-E7DAEF089F27}"
EndProject
Project("{FAE04EC0-301F-11D3-BF4B-00C04F79EFBC}") = "SecurityManager.Core.UnitTests", "SecurityManager\Core.UnitTests\SecurityManager.Core.UnitTests.csproj", "{65B86B2E-D54D-425B-B681-82449E31BA01}"
EndProject
Project("{FAE04EC0-301F-11D3-BF4B-00C04F79EFBC}") = "SecurityManager.Metadata.Importer", "SecurityManager\Metadata.Importer\SecurityManager.Metadata.Importer.csproj", "{28A3431B-A3A8-4E8D-BDA8-CB3CC7EA2894}"
EndProject
Project("{FAE04EC0-301F-11D3-BF4B-00C04F79EFBC}") = "SecurityManager.Clients.Web", "SecurityManager\Clients.Web\SecurityManager.Clients.Web.csproj", "{558839F6-D762-47BA-A26C-1D4AA75D0994}"
EndProject
Project("{FAE04EC0-301F-11D3-BF4B-00C04F79EFBC}") = "SecurityManager.Clients.Web.Test.SetupDB", "SecurityManager\Clients.Web.Test.SetupDB\SecurityManager.Clients.Web.Test.SetupDB.csproj", "{F9D890F8-EB08-4D58-BDFA-6C6540F15795}"
EndProject
Project("{FAE04EC0-301F-11D3-BF4B-00C04F79EFBC}") = "SecurityManager.Clients.Web.Test", "SecurityManager\Clients.Web.Test\SecurityManager.Clients.Web.Test.csproj", "{1FF52B13-C212-4ADA-86E0-04E49A808FE0}"
EndProject
Project("{FAE04EC0-301F-11D3-BF4B-00C04F79EFBC}") = "Security.Data.DomainObjects", "Security\Data.DomainObjects\Security.Data.DomainObjects.csproj", "{D4397460-CE03-43E6-87F7-3A4E50B8250E}"
EndProject
Project("{FAE04EC0-301F-11D3-BF4B-00C04F79EFBC}") = "Mixins", "Mixins\Core\Mixins.csproj", "{18C1D36B-CC05-4334-BF29-DE5A886DA89D}"
EndProject
Project("{FAE04EC0-301F-11D3-BF4B-00C04F79EFBC}") = "Mixins.UnitTests", "Mixins\Core.UnitTests\Mixins.UnitTests.csproj", "{DFAEF7A9-2127-41D7-8D5B-BC71724EB8AB}"
EndProject
Project("{FAE04EC0-301F-11D3-BF4B-00C04F79EFBC}") = "Data.DomainObjects", "Data\DomainObjects\Data.DomainObjects.csproj", "{C2D4102A-6DB9-4997-85BE-AFA6ECF42F1A}"
EndProject
Project("{FAE04EC0-301F-11D3-BF4B-00C04F79EFBC}") = "Security", "Security\Core\Security.csproj", "{FBE0CBDD-82FF-4173-8536-47D3B5BC2E98}"
EndProject
Project("{FAE04EC0-301F-11D3-BF4B-00C04F79EFBC}") = "Security.UnitTests", "Security\UnitTests\Security.UnitTests.csproj", "{EF86BF16-81EF-4F51-B2B1-DB3C7C1E4CDE}"
EndProject
Project("{FAE04EC0-301F-11D3-BF4B-00C04F79EFBC}") = "Data.DomainObjects.Legacy.CodeGenerator.UnitTests", "Data\DomainObjects.Legacy.CodeGenerator.UnitTests\Data.DomainObjects.Legacy.CodeGenerator.UnitTests.csproj", "{02C4509B-5FCA-44ED-8F03-A8F2DD1F84DF}"
EndProject
Project("{FAE04EC0-301F-11D3-BF4B-00C04F79EFBC}") = "ObjectBinding.Sample", "ObjectBinding\Sample\ObjectBinding.Sample.csproj", "{5F1B88F7-FAFB-45C2-A357-333245870A6B}"
EndProject
Project("{FAE04EC0-301F-11D3-BF4B-00C04F79EFBC}") = "Web.Test", "Web\Test\Web.Test.csproj", "{0B5318E7-4878-402A-8CF8-6BFFC47F571D}"
EndProject
Project("{FAE04EC0-301F-11D3-BF4B-00C04F79EFBC}") = "ObjectBinding.UnitTests", "ObjectBinding\UnitTests\ObjectBinding.UnitTests.csproj", "{5C1EB605-33ED-4A19-91B0-D060638191FB}"
EndProject
Project("{FAE04EC0-301F-11D3-BF4B-00C04F79EFBC}") = "ObjectBinding.Web.Preview", "ObjectBinding\Web.Preview\ObjectBinding.Web.Preview.csproj", "{6D58BB53-8709-48F9-8EF9-0D65B11A162C}"
EndProject
Project("{FAE04EC0-301F-11D3-BF4B-00C04F79EFBC}") = "Mixins.MixerTool.Console", "Mixins\MixerTool.Console\Mixins.MixerTool.Console.csproj", "{152DAF45-13C9-4A73-90D0-DF774ED12528}"
EndProject
Project("{FAE04EC0-301F-11D3-BF4B-00C04F79EFBC}") = "Mixins.Samples", "Mixins\Samples\Mixins.Samples.csproj", "{9731FCDD-0F9F-41C5-B691-8AA9101CE249}"
EndProject
Project("{FAE04EC0-301F-11D3-BF4B-00C04F79EFBC}") = "Data.DomainObjects.ObjectBinding", "Data\DomainObjects.ObjectBinding\Data.DomainObjects.ObjectBinding.csproj", "{B915A0FD-92E5-42C5-BEB9-EB4D382563D7}"
EndProject
Global
	GlobalSection(SolutionConfigurationPlatforms) = preSolution
		Debug|Any CPU = Debug|Any CPU
		Release|Any CPU = Release|Any CPU
	EndGlobalSection
	GlobalSection(ProjectConfigurationPlatforms) = postSolution
		{2AA369EC-A4E7-4D75-9101-EFA90E902625}.Debug|Any CPU.ActiveCfg = Debug|Any CPU
		{2AA369EC-A4E7-4D75-9101-EFA90E902625}.Debug|Any CPU.Build.0 = Debug|Any CPU
		{2AA369EC-A4E7-4D75-9101-EFA90E902625}.Release|Any CPU.ActiveCfg = Release|Any CPU
		{2AA369EC-A4E7-4D75-9101-EFA90E902625}.Release|Any CPU.Build.0 = Release|Any CPU
		{C216DEC9-8820-4298-B10F-FB4131466B69}.Debug|Any CPU.ActiveCfg = Debug|Any CPU
		{C216DEC9-8820-4298-B10F-FB4131466B69}.Debug|Any CPU.Build.0 = Debug|Any CPU
		{C216DEC9-8820-4298-B10F-FB4131466B69}.Release|Any CPU.ActiveCfg = Release|Any CPU
		{C216DEC9-8820-4298-B10F-FB4131466B69}.Release|Any CPU.Build.0 = Release|Any CPU
		{FDCCDB1E-0962-41DA-99A1-2DB390C48748}.Debug|Any CPU.ActiveCfg = Debug|Any CPU
		{FDCCDB1E-0962-41DA-99A1-2DB390C48748}.Debug|Any CPU.Build.0 = Debug|Any CPU
		{FDCCDB1E-0962-41DA-99A1-2DB390C48748}.Release|Any CPU.ActiveCfg = Release|Any CPU
		{FDCCDB1E-0962-41DA-99A1-2DB390C48748}.Release|Any CPU.Build.0 = Release|Any CPU
		{390FBB93-A757-47A7-B769-A64A7465FF84}.Debug|Any CPU.ActiveCfg = Debug|Any CPU
		{390FBB93-A757-47A7-B769-A64A7465FF84}.Debug|Any CPU.Build.0 = Debug|Any CPU
		{390FBB93-A757-47A7-B769-A64A7465FF84}.Release|Any CPU.ActiveCfg = Release|Any CPU
		{390FBB93-A757-47A7-B769-A64A7465FF84}.Release|Any CPU.Build.0 = Release|Any CPU
		{B719A305-0493-4C72-88FE-9A2FC6964578}.Debug|Any CPU.ActiveCfg = Debug|Any CPU
		{B719A305-0493-4C72-88FE-9A2FC6964578}.Debug|Any CPU.Build.0 = Debug|Any CPU
		{B719A305-0493-4C72-88FE-9A2FC6964578}.Release|Any CPU.ActiveCfg = Release|Any CPU
		{B719A305-0493-4C72-88FE-9A2FC6964578}.Release|Any CPU.Build.0 = Release|Any CPU
		{F5416318-15B4-421E-9B44-03CD4C052D5A}.Debug|Any CPU.ActiveCfg = Debug|Any CPU
		{F5416318-15B4-421E-9B44-03CD4C052D5A}.Debug|Any CPU.Build.0 = Debug|Any CPU
		{F5416318-15B4-421E-9B44-03CD4C052D5A}.Release|Any CPU.ActiveCfg = Release|Any CPU
		{F5416318-15B4-421E-9B44-03CD4C052D5A}.Release|Any CPU.Build.0 = Release|Any CPU
		{AD1A0CD9-C08C-449C-9A7D-2D8BC5439BDC}.Debug|Any CPU.ActiveCfg = Debug|Any CPU
		{AD1A0CD9-C08C-449C-9A7D-2D8BC5439BDC}.Debug|Any CPU.Build.0 = Debug|Any CPU
		{AD1A0CD9-C08C-449C-9A7D-2D8BC5439BDC}.Release|Any CPU.ActiveCfg = Release|Any CPU
		{AD1A0CD9-C08C-449C-9A7D-2D8BC5439BDC}.Release|Any CPU.Build.0 = Release|Any CPU
		{DF8BA786-9679-4879-8757-16AE2709D83A}.Debug|Any CPU.ActiveCfg = Debug|Any CPU
		{DF8BA786-9679-4879-8757-16AE2709D83A}.Debug|Any CPU.Build.0 = Debug|Any CPU
		{DF8BA786-9679-4879-8757-16AE2709D83A}.Release|Any CPU.ActiveCfg = Release|Any CPU
		{DF8BA786-9679-4879-8757-16AE2709D83A}.Release|Any CPU.Build.0 = Release|Any CPU
		{F3EE8E9C-5230-4D1A-B655-CA65E2D52F21}.Debug|Any CPU.ActiveCfg = Debug|Any CPU
		{F3EE8E9C-5230-4D1A-B655-CA65E2D52F21}.Debug|Any CPU.Build.0 = Debug|Any CPU
		{F3EE8E9C-5230-4D1A-B655-CA65E2D52F21}.Release|Any CPU.ActiveCfg = Release|Any CPU
		{F3EE8E9C-5230-4D1A-B655-CA65E2D52F21}.Release|Any CPU.Build.0 = Release|Any CPU
		{FE98ED8D-E645-4E11-9431-FA5EE8ED7C86}.Debug|Any CPU.ActiveCfg = Debug|Any CPU
		{FE98ED8D-E645-4E11-9431-FA5EE8ED7C86}.Debug|Any CPU.Build.0 = Debug|Any CPU
		{FE98ED8D-E645-4E11-9431-FA5EE8ED7C86}.Release|Any CPU.ActiveCfg = Release|Any CPU
		{FE98ED8D-E645-4E11-9431-FA5EE8ED7C86}.Release|Any CPU.Build.0 = Release|Any CPU
		{6DEF9C11-1D5A-4B14-A4EB-F4C7E7CC3E7B}.Debug|Any CPU.ActiveCfg = Debug|Any CPU
		{6DEF9C11-1D5A-4B14-A4EB-F4C7E7CC3E7B}.Debug|Any CPU.Build.0 = Debug|Any CPU
		{6DEF9C11-1D5A-4B14-A4EB-F4C7E7CC3E7B}.Release|Any CPU.ActiveCfg = Release|Any CPU
		{6DEF9C11-1D5A-4B14-A4EB-F4C7E7CC3E7B}.Release|Any CPU.Build.0 = Release|Any CPU
		{49FE5865-4141-4BB0-AD13-CB42546C87ED}.Debug|Any CPU.ActiveCfg = Debug|Any CPU
		{49FE5865-4141-4BB0-AD13-CB42546C87ED}.Debug|Any CPU.Build.0 = Debug|Any CPU
		{49FE5865-4141-4BB0-AD13-CB42546C87ED}.Release|Any CPU.ActiveCfg = Release|Any CPU
		{49FE5865-4141-4BB0-AD13-CB42546C87ED}.Release|Any CPU.Build.0 = Release|Any CPU
		{CC8F1779-C744-4EB0-A3B6-AF6AC73ADF91}.Debug|Any CPU.ActiveCfg = Debug|Any CPU
		{CC8F1779-C744-4EB0-A3B6-AF6AC73ADF91}.Debug|Any CPU.Build.0 = Debug|Any CPU
		{CC8F1779-C744-4EB0-A3B6-AF6AC73ADF91}.Release|Any CPU.ActiveCfg = Release|Any CPU
		{CC8F1779-C744-4EB0-A3B6-AF6AC73ADF91}.Release|Any CPU.Build.0 = Release|Any CPU
		{D06C0145-A94A-48AE-B186-BC3C8E8F3650}.Debug|Any CPU.ActiveCfg = Debug|Any CPU
		{D06C0145-A94A-48AE-B186-BC3C8E8F3650}.Debug|Any CPU.Build.0 = Debug|Any CPU
		{D06C0145-A94A-48AE-B186-BC3C8E8F3650}.Release|Any CPU.ActiveCfg = Release|Any CPU
		{D06C0145-A94A-48AE-B186-BC3C8E8F3650}.Release|Any CPU.Build.0 = Release|Any CPU
		{9246E440-009C-44BE-A801-C66D8DE04A8F}.Debug|Any CPU.ActiveCfg = Debug|Any CPU
		{9246E440-009C-44BE-A801-C66D8DE04A8F}.Debug|Any CPU.Build.0 = Debug|Any CPU
		{9246E440-009C-44BE-A801-C66D8DE04A8F}.Release|Any CPU.ActiveCfg = Release|Any CPU
		{9246E440-009C-44BE-A801-C66D8DE04A8F}.Release|Any CPU.Build.0 = Release|Any CPU
		{717B711E-97AB-4751-97C5-C0491D1919FA}.Debug|Any CPU.ActiveCfg = Debug|Any CPU
		{717B711E-97AB-4751-97C5-C0491D1919FA}.Debug|Any CPU.Build.0 = Debug|Any CPU
		{717B711E-97AB-4751-97C5-C0491D1919FA}.Release|Any CPU.ActiveCfg = Release|Any CPU
		{717B711E-97AB-4751-97C5-C0491D1919FA}.Release|Any CPU.Build.0 = Release|Any CPU
		{9A8C29F9-8D50-457A-9730-57EB33C1D7CC}.Debug|Any CPU.ActiveCfg = Debug|Any CPU
		{9A8C29F9-8D50-457A-9730-57EB33C1D7CC}.Debug|Any CPU.Build.0 = Debug|Any CPU
		{9A8C29F9-8D50-457A-9730-57EB33C1D7CC}.Release|Any CPU.ActiveCfg = Release|Any CPU
		{9A8C29F9-8D50-457A-9730-57EB33C1D7CC}.Release|Any CPU.Build.0 = Release|Any CPU
		{21EC480E-91C6-4558-963B-796698DBB668}.Debug|Any CPU.ActiveCfg = Debug|Any CPU
		{21EC480E-91C6-4558-963B-796698DBB668}.Debug|Any CPU.Build.0 = Debug|Any CPU
		{21EC480E-91C6-4558-963B-796698DBB668}.Release|Any CPU.ActiveCfg = Release|Any CPU
		{21EC480E-91C6-4558-963B-796698DBB668}.Release|Any CPU.Build.0 = Release|Any CPU
		{86C6C68B-3AF4-4ADE-95FD-29D404F114FD}.Debug|Any CPU.ActiveCfg = Debug|Any CPU
		{86C6C68B-3AF4-4ADE-95FD-29D404F114FD}.Debug|Any CPU.Build.0 = Debug|Any CPU
		{86C6C68B-3AF4-4ADE-95FD-29D404F114FD}.Release|Any CPU.ActiveCfg = Release|Any CPU
		{86C6C68B-3AF4-4ADE-95FD-29D404F114FD}.Release|Any CPU.Build.0 = Release|Any CPU
		{E6A8B6CE-2E19-4C01-9D41-63899FE52020}.Debug|Any CPU.ActiveCfg = Debug|Any CPU
		{E6A8B6CE-2E19-4C01-9D41-63899FE52020}.Debug|Any CPU.Build.0 = Debug|Any CPU
		{E6A8B6CE-2E19-4C01-9D41-63899FE52020}.Release|Any CPU.ActiveCfg = Release|Any CPU
		{E6A8B6CE-2E19-4C01-9D41-63899FE52020}.Release|Any CPU.Build.0 = Release|Any CPU
		{EB96A8C6-3CCF-4610-871B-4CCBC8DF2872}.Debug|Any CPU.ActiveCfg = Debug|Any CPU
		{EB96A8C6-3CCF-4610-871B-4CCBC8DF2872}.Debug|Any CPU.Build.0 = Debug|Any CPU
		{EB96A8C6-3CCF-4610-871B-4CCBC8DF2872}.Release|Any CPU.ActiveCfg = Release|Any CPU
		{EB96A8C6-3CCF-4610-871B-4CCBC8DF2872}.Release|Any CPU.Build.0 = Release|Any CPU
		{FC03706A-039A-40CB-8859-FB887352646E}.Debug|Any CPU.ActiveCfg = Debug|Any CPU
		{FC03706A-039A-40CB-8859-FB887352646E}.Debug|Any CPU.Build.0 = Debug|Any CPU
		{FC03706A-039A-40CB-8859-FB887352646E}.Release|Any CPU.ActiveCfg = Release|Any CPU
		{FC03706A-039A-40CB-8859-FB887352646E}.Release|Any CPU.Build.0 = Release|Any CPU
		{C38242F1-5E19-460C-B506-2B4E00470358}.Debug|Any CPU.ActiveCfg = Debug|Any CPU
		{C38242F1-5E19-460C-B506-2B4E00470358}.Debug|Any CPU.Build.0 = Debug|Any CPU
		{C38242F1-5E19-460C-B506-2B4E00470358}.Release|Any CPU.ActiveCfg = Release|Any CPU
		{C38242F1-5E19-460C-B506-2B4E00470358}.Release|Any CPU.Build.0 = Release|Any CPU
		{C5E0C110-5BC5-4E30-B3CF-4C6012FEE1EF}.Debug|Any CPU.ActiveCfg = Debug|Any CPU
		{C5E0C110-5BC5-4E30-B3CF-4C6012FEE1EF}.Debug|Any CPU.Build.0 = Debug|Any CPU
		{C5E0C110-5BC5-4E30-B3CF-4C6012FEE1EF}.Release|Any CPU.ActiveCfg = Release|Any CPU
		{C5E0C110-5BC5-4E30-B3CF-4C6012FEE1EF}.Release|Any CPU.Build.0 = Release|Any CPU
		{A6505EE0-0F6B-4CB6-ACC7-1C05C0E236BC}.Debug|Any CPU.ActiveCfg = Debug|Any CPU
		{A6505EE0-0F6B-4CB6-ACC7-1C05C0E236BC}.Debug|Any CPU.Build.0 = Debug|Any CPU
		{A6505EE0-0F6B-4CB6-ACC7-1C05C0E236BC}.Release|Any CPU.ActiveCfg = Release|Any CPU
		{A6505EE0-0F6B-4CB6-ACC7-1C05C0E236BC}.Release|Any CPU.Build.0 = Release|Any CPU
		{AC34B1D8-A295-44A4-AE9D-8167B3C3ED44}.Debug|Any CPU.ActiveCfg = Debug|Any CPU
		{AC34B1D8-A295-44A4-AE9D-8167B3C3ED44}.Debug|Any CPU.Build.0 = Debug|Any CPU
		{AC34B1D8-A295-44A4-AE9D-8167B3C3ED44}.Release|Any CPU.ActiveCfg = Release|Any CPU
		{AC34B1D8-A295-44A4-AE9D-8167B3C3ED44}.Release|Any CPU.Build.0 = Release|Any CPU
		{E294058B-D4F0-4124-BD22-15E44F57749B}.Debug|Any CPU.ActiveCfg = Debug|Any CPU
		{E294058B-D4F0-4124-BD22-15E44F57749B}.Debug|Any CPU.Build.0 = Debug|Any CPU
		{E294058B-D4F0-4124-BD22-15E44F57749B}.Release|Any CPU.ActiveCfg = Release|Any CPU
		{E294058B-D4F0-4124-BD22-15E44F57749B}.Release|Any CPU.Build.0 = Release|Any CPU
		{7CA0F5EF-CDEA-4B5D-9954-1CC50973C7D0}.Debug|Any CPU.ActiveCfg = Debug|Any CPU
		{7CA0F5EF-CDEA-4B5D-9954-1CC50973C7D0}.Debug|Any CPU.Build.0 = Debug|Any CPU
		{7CA0F5EF-CDEA-4B5D-9954-1CC50973C7D0}.Release|Any CPU.ActiveCfg = Release|Any CPU
		{7CA0F5EF-CDEA-4B5D-9954-1CC50973C7D0}.Release|Any CPU.Build.0 = Release|Any CPU
		{9B6F6D1A-A7EA-4EE8-B36E-E31CF7E518E3}.Debug|Any CPU.ActiveCfg = Debug|Any CPU
		{9B6F6D1A-A7EA-4EE8-B36E-E31CF7E518E3}.Debug|Any CPU.Build.0 = Debug|Any CPU
		{9B6F6D1A-A7EA-4EE8-B36E-E31CF7E518E3}.Release|Any CPU.ActiveCfg = Release|Any CPU
		{9B6F6D1A-A7EA-4EE8-B36E-E31CF7E518E3}.Release|Any CPU.Build.0 = Release|Any CPU
		{990B8638-A08F-4A94-B01A-E7DAEF089F27}.Debug|Any CPU.ActiveCfg = Debug|Any CPU
		{990B8638-A08F-4A94-B01A-E7DAEF089F27}.Debug|Any CPU.Build.0 = Debug|Any CPU
		{990B8638-A08F-4A94-B01A-E7DAEF089F27}.Release|Any CPU.ActiveCfg = Release|Any CPU
		{990B8638-A08F-4A94-B01A-E7DAEF089F27}.Release|Any CPU.Build.0 = Release|Any CPU
		{65B86B2E-D54D-425B-B681-82449E31BA01}.Debug|Any CPU.ActiveCfg = Debug|Any CPU
		{65B86B2E-D54D-425B-B681-82449E31BA01}.Debug|Any CPU.Build.0 = Debug|Any CPU
		{65B86B2E-D54D-425B-B681-82449E31BA01}.Release|Any CPU.ActiveCfg = Release|Any CPU
		{65B86B2E-D54D-425B-B681-82449E31BA01}.Release|Any CPU.Build.0 = Release|Any CPU
		{28A3431B-A3A8-4E8D-BDA8-CB3CC7EA2894}.Debug|Any CPU.ActiveCfg = Debug|Any CPU
		{28A3431B-A3A8-4E8D-BDA8-CB3CC7EA2894}.Debug|Any CPU.Build.0 = Debug|Any CPU
		{28A3431B-A3A8-4E8D-BDA8-CB3CC7EA2894}.Release|Any CPU.ActiveCfg = Release|Any CPU
		{28A3431B-A3A8-4E8D-BDA8-CB3CC7EA2894}.Release|Any CPU.Build.0 = Release|Any CPU
		{558839F6-D762-47BA-A26C-1D4AA75D0994}.Debug|Any CPU.ActiveCfg = Debug|Any CPU
		{558839F6-D762-47BA-A26C-1D4AA75D0994}.Debug|Any CPU.Build.0 = Debug|Any CPU
		{558839F6-D762-47BA-A26C-1D4AA75D0994}.Release|Any CPU.ActiveCfg = Release|Any CPU
		{558839F6-D762-47BA-A26C-1D4AA75D0994}.Release|Any CPU.Build.0 = Release|Any CPU
		{F9D890F8-EB08-4D58-BDFA-6C6540F15795}.Debug|Any CPU.ActiveCfg = Debug|Any CPU
		{F9D890F8-EB08-4D58-BDFA-6C6540F15795}.Debug|Any CPU.Build.0 = Debug|Any CPU
		{F9D890F8-EB08-4D58-BDFA-6C6540F15795}.Release|Any CPU.ActiveCfg = Release|Any CPU
		{F9D890F8-EB08-4D58-BDFA-6C6540F15795}.Release|Any CPU.Build.0 = Release|Any CPU
		{1FF52B13-C212-4ADA-86E0-04E49A808FE0}.Debug|Any CPU.ActiveCfg = Debug|Any CPU
		{1FF52B13-C212-4ADA-86E0-04E49A808FE0}.Debug|Any CPU.Build.0 = Debug|Any CPU
		{1FF52B13-C212-4ADA-86E0-04E49A808FE0}.Release|Any CPU.ActiveCfg = Release|Any CPU
		{1FF52B13-C212-4ADA-86E0-04E49A808FE0}.Release|Any CPU.Build.0 = Release|Any CPU
		{D4397460-CE03-43E6-87F7-3A4E50B8250E}.Debug|Any CPU.ActiveCfg = Debug|Any CPU
		{D4397460-CE03-43E6-87F7-3A4E50B8250E}.Debug|Any CPU.Build.0 = Debug|Any CPU
		{D4397460-CE03-43E6-87F7-3A4E50B8250E}.Release|Any CPU.ActiveCfg = Release|Any CPU
		{D4397460-CE03-43E6-87F7-3A4E50B8250E}.Release|Any CPU.Build.0 = Release|Any CPU
		{18C1D36B-CC05-4334-BF29-DE5A886DA89D}.Debug|Any CPU.ActiveCfg = Debug|Any CPU
		{18C1D36B-CC05-4334-BF29-DE5A886DA89D}.Debug|Any CPU.Build.0 = Debug|Any CPU
		{18C1D36B-CC05-4334-BF29-DE5A886DA89D}.Release|Any CPU.ActiveCfg = Release|Any CPU
		{18C1D36B-CC05-4334-BF29-DE5A886DA89D}.Release|Any CPU.Build.0 = Release|Any CPU
		{DFAEF7A9-2127-41D7-8D5B-BC71724EB8AB}.Debug|Any CPU.ActiveCfg = Debug|Any CPU
		{DFAEF7A9-2127-41D7-8D5B-BC71724EB8AB}.Debug|Any CPU.Build.0 = Debug|Any CPU
		{DFAEF7A9-2127-41D7-8D5B-BC71724EB8AB}.Release|Any CPU.ActiveCfg = Release|Any CPU
		{DFAEF7A9-2127-41D7-8D5B-BC71724EB8AB}.Release|Any CPU.Build.0 = Release|Any CPU
		{C2D4102A-6DB9-4997-85BE-AFA6ECF42F1A}.Debug|Any CPU.ActiveCfg = Debug|Any CPU
		{C2D4102A-6DB9-4997-85BE-AFA6ECF42F1A}.Debug|Any CPU.Build.0 = Debug|Any CPU
		{C2D4102A-6DB9-4997-85BE-AFA6ECF42F1A}.Release|Any CPU.ActiveCfg = Release|Any CPU
		{C2D4102A-6DB9-4997-85BE-AFA6ECF42F1A}.Release|Any CPU.Build.0 = Release|Any CPU
		{FBE0CBDD-82FF-4173-8536-47D3B5BC2E98}.Debug|Any CPU.ActiveCfg = Debug|Any CPU
		{FBE0CBDD-82FF-4173-8536-47D3B5BC2E98}.Debug|Any CPU.Build.0 = Debug|Any CPU
		{FBE0CBDD-82FF-4173-8536-47D3B5BC2E98}.Release|Any CPU.ActiveCfg = Release|Any CPU
		{FBE0CBDD-82FF-4173-8536-47D3B5BC2E98}.Release|Any CPU.Build.0 = Release|Any CPU
		{EF86BF16-81EF-4F51-B2B1-DB3C7C1E4CDE}.Debug|Any CPU.ActiveCfg = Debug|Any CPU
		{EF86BF16-81EF-4F51-B2B1-DB3C7C1E4CDE}.Debug|Any CPU.Build.0 = Debug|Any CPU
		{EF86BF16-81EF-4F51-B2B1-DB3C7C1E4CDE}.Release|Any CPU.ActiveCfg = Release|Any CPU
		{EF86BF16-81EF-4F51-B2B1-DB3C7C1E4CDE}.Release|Any CPU.Build.0 = Release|Any CPU
		{02C4509B-5FCA-44ED-8F03-A8F2DD1F84DF}.Debug|Any CPU.ActiveCfg = Debug|Any CPU
		{02C4509B-5FCA-44ED-8F03-A8F2DD1F84DF}.Debug|Any CPU.Build.0 = Debug|Any CPU
		{02C4509B-5FCA-44ED-8F03-A8F2DD1F84DF}.Release|Any CPU.ActiveCfg = Release|Any CPU
		{02C4509B-5FCA-44ED-8F03-A8F2DD1F84DF}.Release|Any CPU.Build.0 = Release|Any CPU
		{5F1B88F7-FAFB-45C2-A357-333245870A6B}.Debug|Any CPU.ActiveCfg = Debug|Any CPU
		{5F1B88F7-FAFB-45C2-A357-333245870A6B}.Debug|Any CPU.Build.0 = Debug|Any CPU
		{5F1B88F7-FAFB-45C2-A357-333245870A6B}.Release|Any CPU.ActiveCfg = Release|Any CPU
		{5F1B88F7-FAFB-45C2-A357-333245870A6B}.Release|Any CPU.Build.0 = Release|Any CPU
		{0B5318E7-4878-402A-8CF8-6BFFC47F571D}.Debug|Any CPU.ActiveCfg = Debug|Any CPU
		{0B5318E7-4878-402A-8CF8-6BFFC47F571D}.Debug|Any CPU.Build.0 = Debug|Any CPU
		{0B5318E7-4878-402A-8CF8-6BFFC47F571D}.Release|Any CPU.ActiveCfg = Release|Any CPU
		{0B5318E7-4878-402A-8CF8-6BFFC47F571D}.Release|Any CPU.Build.0 = Release|Any CPU
		{5C1EB605-33ED-4A19-91B0-D060638191FB}.Debug|Any CPU.ActiveCfg = Debug|Any CPU
		{5C1EB605-33ED-4A19-91B0-D060638191FB}.Debug|Any CPU.Build.0 = Debug|Any CPU
		{5C1EB605-33ED-4A19-91B0-D060638191FB}.Release|Any CPU.ActiveCfg = Release|Any CPU
		{5C1EB605-33ED-4A19-91B0-D060638191FB}.Release|Any CPU.Build.0 = Release|Any CPU
		{6D58BB53-8709-48F9-8EF9-0D65B11A162C}.Debug|Any CPU.ActiveCfg = Debug|Any CPU
		{6D58BB53-8709-48F9-8EF9-0D65B11A162C}.Debug|Any CPU.Build.0 = Debug|Any CPU
		{6D58BB53-8709-48F9-8EF9-0D65B11A162C}.Release|Any CPU.ActiveCfg = Release|Any CPU
		{6D58BB53-8709-48F9-8EF9-0D65B11A162C}.Release|Any CPU.Build.0 = Release|Any CPU
		{152DAF45-13C9-4A73-90D0-DF774ED12528}.Debug|Any CPU.ActiveCfg = Debug|Any CPU
		{152DAF45-13C9-4A73-90D0-DF774ED12528}.Debug|Any CPU.Build.0 = Debug|Any CPU
		{152DAF45-13C9-4A73-90D0-DF774ED12528}.Release|Any CPU.ActiveCfg = Release|Any CPU
		{152DAF45-13C9-4A73-90D0-DF774ED12528}.Release|Any CPU.Build.0 = Release|Any CPU
		{9731FCDD-0F9F-41C5-B691-8AA9101CE249}.Debug|Any CPU.ActiveCfg = Debug|Any CPU
		{9731FCDD-0F9F-41C5-B691-8AA9101CE249}.Debug|Any CPU.Build.0 = Debug|Any CPU
		{9731FCDD-0F9F-41C5-B691-8AA9101CE249}.Release|Any CPU.ActiveCfg = Release|Any CPU
		{9731FCDD-0F9F-41C5-B691-8AA9101CE249}.Release|Any CPU.Build.0 = Release|Any CPU
		{B915A0FD-92E5-42C5-BEB9-EB4D382563D7}.Debug|Any CPU.ActiveCfg = Debug|Any CPU
		{B915A0FD-92E5-42C5-BEB9-EB4D382563D7}.Debug|Any CPU.Build.0 = Debug|Any CPU
		{B915A0FD-92E5-42C5-BEB9-EB4D382563D7}.Release|Any CPU.ActiveCfg = Release|Any CPU
		{B915A0FD-92E5-42C5-BEB9-EB4D382563D7}.Release|Any CPU.Build.0 = Release|Any CPU
	EndGlobalSection
	GlobalSection(SolutionProperties) = preSolution
		HideSolutionNode = FALSE
	EndGlobalSection
	GlobalSection(NestedProjects) = preSolution
		{2AA369EC-A4E7-4D75-9101-EFA90E902625} = {5B3CB3F6-DE69-41D6-8BBC-EFF4932F0F7E}
		{C216DEC9-8820-4298-B10F-FB4131466B69} = {5B3CB3F6-DE69-41D6-8BBC-EFF4932F0F7E}
		{6DEF9C11-1D5A-4B14-A4EB-F4C7E7CC3E7B} = {040CC4EF-ACE9-4832-AC0C-56640F2AB337}
		{49FE5865-4141-4BB0-AD13-CB42546C87ED} = {040CC4EF-ACE9-4832-AC0C-56640F2AB337}
		{CC8F1779-C744-4EB0-A3B6-AF6AC73ADF91} = {040CC4EF-ACE9-4832-AC0C-56640F2AB337}
		{D06C0145-A94A-48AE-B186-BC3C8E8F3650} = {040CC4EF-ACE9-4832-AC0C-56640F2AB337}
		{9246E440-009C-44BE-A801-C66D8DE04A8F} = {040CC4EF-ACE9-4832-AC0C-56640F2AB337}
		{717B711E-97AB-4751-97C5-C0491D1919FA} = {040CC4EF-ACE9-4832-AC0C-56640F2AB337}
		{9A8C29F9-8D50-457A-9730-57EB33C1D7CC} = {040CC4EF-ACE9-4832-AC0C-56640F2AB337}
		{21EC480E-91C6-4558-963B-796698DBB668} = {040CC4EF-ACE9-4832-AC0C-56640F2AB337}
		{86C6C68B-3AF4-4ADE-95FD-29D404F114FD} = {040CC4EF-ACE9-4832-AC0C-56640F2AB337}
		{E6A8B6CE-2E19-4C01-9D41-63899FE52020} = {040CC4EF-ACE9-4832-AC0C-56640F2AB337}
		{EB96A8C6-3CCF-4610-871B-4CCBC8DF2872} = {040CC4EF-ACE9-4832-AC0C-56640F2AB337}
		{FC03706A-039A-40CB-8859-FB887352646E} = {040CC4EF-ACE9-4832-AC0C-56640F2AB337}
		{C38242F1-5E19-460C-B506-2B4E00470358} = {040CC4EF-ACE9-4832-AC0C-56640F2AB337}
		{C5E0C110-5BC5-4E30-B3CF-4C6012FEE1EF} = {040CC4EF-ACE9-4832-AC0C-56640F2AB337}
		{A6505EE0-0F6B-4CB6-ACC7-1C05C0E236BC} = {040CC4EF-ACE9-4832-AC0C-56640F2AB337}
		{C2D4102A-6DB9-4997-85BE-AFA6ECF42F1A} = {040CC4EF-ACE9-4832-AC0C-56640F2AB337}
		{02C4509B-5FCA-44ED-8F03-A8F2DD1F84DF} = {040CC4EF-ACE9-4832-AC0C-56640F2AB337}
		{B915A0FD-92E5-42C5-BEB9-EB4D382563D7} = {040CC4EF-ACE9-4832-AC0C-56640F2AB337}
		{B719A305-0493-4C72-88FE-9A2FC6964578} = {9F4D90EC-6AD2-495D-BFC3-270DC15974DD}
		{F5416318-15B4-421E-9B44-03CD4C052D5A} = {9F4D90EC-6AD2-495D-BFC3-270DC15974DD}
		{AD1A0CD9-C08C-449C-9A7D-2D8BC5439BDC} = {9F4D90EC-6AD2-495D-BFC3-270DC15974DD}
		{18C1D36B-CC05-4334-BF29-DE5A886DA89D} = {50F3F719-99F4-493F-8964-B12F86375379}
		{DFAEF7A9-2127-41D7-8D5B-BC71724EB8AB} = {50F3F719-99F4-493F-8964-B12F86375379}
		{152DAF45-13C9-4A73-90D0-DF774ED12528} = {50F3F719-99F4-493F-8964-B12F86375379}
		{9731FCDD-0F9F-41C5-B691-8AA9101CE249} = {50F3F719-99F4-493F-8964-B12F86375379}
		{FDCCDB1E-0962-41DA-99A1-2DB390C48748} = {72195525-BF6C-43D6-AC96-39E34D02EA34}
		{390FBB93-A757-47A7-B769-A64A7465FF84} = {72195525-BF6C-43D6-AC96-39E34D02EA34}
		{FE98ED8D-E645-4E11-9431-FA5EE8ED7C86} = {72195525-BF6C-43D6-AC96-39E34D02EA34}
		{5F1B88F7-FAFB-45C2-A357-333245870A6B} = {72195525-BF6C-43D6-AC96-39E34D02EA34}
		{5C1EB605-33ED-4A19-91B0-D060638191FB} = {72195525-BF6C-43D6-AC96-39E34D02EA34}
		{6D58BB53-8709-48F9-8EF9-0D65B11A162C} = {72195525-BF6C-43D6-AC96-39E34D02EA34}
		{AC34B1D8-A295-44A4-AE9D-8167B3C3ED44} = {C0D62499-EEFC-43D4-9A08-659096A10886}
		{E294058B-D4F0-4124-BD22-15E44F57749B} = {C0D62499-EEFC-43D4-9A08-659096A10886}
		{7CA0F5EF-CDEA-4B5D-9954-1CC50973C7D0} = {C0D62499-EEFC-43D4-9A08-659096A10886}
		{9B6F6D1A-A7EA-4EE8-B36E-E31CF7E518E3} = {C0D62499-EEFC-43D4-9A08-659096A10886}
		{D4397460-CE03-43E6-87F7-3A4E50B8250E} = {C0D62499-EEFC-43D4-9A08-659096A10886}
		{FBE0CBDD-82FF-4173-8536-47D3B5BC2E98} = {C0D62499-EEFC-43D4-9A08-659096A10886}
		{EF86BF16-81EF-4F51-B2B1-DB3C7C1E4CDE} = {C0D62499-EEFC-43D4-9A08-659096A10886}
		{DF8BA786-9679-4879-8757-16AE2709D83A} = {2E32EB1E-B3AA-4ACF-BA20-EC6FD44CC05B}
		{F3EE8E9C-5230-4D1A-B655-CA65E2D52F21} = {2E32EB1E-B3AA-4ACF-BA20-EC6FD44CC05B}
		{0B5318E7-4878-402A-8CF8-6BFFC47F571D} = {2E32EB1E-B3AA-4ACF-BA20-EC6FD44CC05B}
		{990B8638-A08F-4A94-B01A-E7DAEF089F27} = {E1B271E4-22E6-4936-80A5-F0340AAB20A8}
		{65B86B2E-D54D-425B-B681-82449E31BA01} = {E1B271E4-22E6-4936-80A5-F0340AAB20A8}
		{28A3431B-A3A8-4E8D-BDA8-CB3CC7EA2894} = {E1B271E4-22E6-4936-80A5-F0340AAB20A8}
		{558839F6-D762-47BA-A26C-1D4AA75D0994} = {E1B271E4-22E6-4936-80A5-F0340AAB20A8}
		{F9D890F8-EB08-4D58-BDFA-6C6540F15795} = {E1B271E4-22E6-4936-80A5-F0340AAB20A8}
		{1FF52B13-C212-4ADA-86E0-04E49A808FE0} = {E1B271E4-22E6-4936-80A5-F0340AAB20A8}
	EndGlobalSection
	GlobalSection(TextTemplating) = postSolution
		TextTemplating = 1
	EndGlobalSection
EndGlobal
