Microsoft Visual Studio Solution File, Format Version 12.00
# Visual Studio 2012
Project("{2150E333-8FDC-42A3-9474-1A3956D46DE8}") = "Core", "Core", "{5B3CB3F6-DE69-41D6-8BBC-EFF4932F0F7E}"
	ProjectSection(FolderStartupServices) = postProject
		{B4F97281-0DBD-4835-9ED8-7DFB966E87FF} = {B4F97281-0DBD-4835-9ED8-7DFB966E87FF}
	EndProjectSection
EndProject
Project("{2150E333-8FDC-42A3-9474-1A3956D46DE8}") = "Data", "Data", "{040CC4EF-ACE9-4832-AC0C-56640F2AB337}"
	ProjectSection(FolderStartupServices) = postProject
		{B4F97281-0DBD-4835-9ED8-7DFB966E87FF} = {B4F97281-0DBD-4835-9ED8-7DFB966E87FF}
	EndProjectSection
EndProject
Project("{2150E333-8FDC-42A3-9474-1A3956D46DE8}") = "Development", "Development", "{9F4D90EC-6AD2-495D-BFC3-270DC15974DD}"
	ProjectSection(FolderStartupServices) = postProject
		{B4F97281-0DBD-4835-9ED8-7DFB966E87FF} = {B4F97281-0DBD-4835-9ED8-7DFB966E87FF}
	EndProjectSection
EndProject
Project("{2150E333-8FDC-42A3-9474-1A3956D46DE8}") = "ObjectBinding", "ObjectBinding", "{72195525-BF6C-43D6-AC96-39E34D02EA34}"
	ProjectSection(FolderStartupServices) = postProject
		{B4F97281-0DBD-4835-9ED8-7DFB966E87FF} = {B4F97281-0DBD-4835-9ED8-7DFB966E87FF}
	EndProjectSection
EndProject
Project("{2150E333-8FDC-42A3-9474-1A3956D46DE8}") = "Security", "Security", "{C0D62499-EEFC-43D4-9A08-659096A10886}"
	ProjectSection(FolderStartupServices) = postProject
		{B4F97281-0DBD-4835-9ED8-7DFB966E87FF} = {B4F97281-0DBD-4835-9ED8-7DFB966E87FF}
	EndProjectSection
EndProject
Project("{2150E333-8FDC-42A3-9474-1A3956D46DE8}") = "Web", "Web", "{2E32EB1E-B3AA-4ACF-BA20-EC6FD44CC05B}"
	ProjectSection(FolderStartupServices) = postProject
		{B4F97281-0DBD-4835-9ED8-7DFB966E87FF} = {B4F97281-0DBD-4835-9ED8-7DFB966E87FF}
	EndProjectSection
EndProject
Project("{2150E333-8FDC-42A3-9474-1A3956D46DE8}") = "SecurityManager", "SecurityManager", "{E1B271E4-22E6-4936-80A5-F0340AAB20A8}"
	ProjectSection(FolderStartupServices) = postProject
		{B4F97281-0DBD-4835-9ED8-7DFB966E87FF} = {B4F97281-0DBD-4835-9ED8-7DFB966E87FF}
	EndProjectSection
EndProject
Project("{2150E333-8FDC-42A3-9474-1A3956D46DE8}") = "_BuildFiles", "_BuildFiles", "{22F8ED2F-3EA0-459E-B5B6-B074A57EDAB9}"
	ProjectSection(SolutionItems) = preProject
		Build-Remotion.cmd = Build-Remotion.cmd
		Build-RemotionOneClick.cmd = Build-RemotionOneClick.cmd
		build\ContentLayout.content = build\ContentLayout.content
		build\DependDB.ConfigurationTemplate.xml = build\DependDB.ConfigurationTemplate.xml
		Generate-Snk.cmd = Generate-Snk.cmd
		How to build.txt = How to build.txt
		build\NuGet.ConfigurationTemplate.nuspec = build\NuGet.ConfigurationTemplate.nuspec
		build\NUnitErrors.xslt = build\NUnitErrors.xslt
		build\Remotion.AssembleBuildOutput.include.build = build\Remotion.AssembleBuildOutput.include.build
		build\Remotion.build = build\Remotion.build
		build\Remotion.BuildTargets.include.build = build\Remotion.BuildTargets.include.build
		build\Remotion.BuildTargets.Testing.include.build = build\Remotion.BuildTargets.Testing.include.build
		build\Remotion.Configurations.include.build = build\Remotion.Configurations.include.build
		build\Remotion.DebugSymbols.include.build = build\Remotion.DebugSymbols.include.build
		build\Remotion.DependDB.include.build = build\Remotion.DependDB.include.build
		build\Remotion.Documentation.Core.build = build\Remotion.Documentation.Core.build
		build\Remotion.Documentation.Dms.build = build\Remotion.Documentation.Dms.build
		build\Remotion.Documentation.include.build = build\Remotion.Documentation.include.build
		build\Remotion.Documentation.Relinq.build = build\Remotion.Documentation.Relinq.build
		build\Remotion.Documentation.Remix.build = build\Remotion.Documentation.Remix.build
		build\Remotion.Documentation.SecurityManager.build = build\Remotion.Documentation.SecurityManager.build
		build\Remotion.Local.build = build\Remotion.Local.build
		build\Remotion.NuGet.Packaging.include.build = build\Remotion.NuGet.Packaging.include.build
		build\Remotion.NuGet.Packaging.Relinq.Core.build = build\Remotion.NuGet.Packaging.Relinq.Core.build
		build\Remotion.Packages.include.build = build\Remotion.Packages.include.build
		build\Remotion.Packaging.base.build = build\Remotion.Packaging.base.build
		build\Remotion.Packaging.Core.build = build\Remotion.Packaging.Core.build
		build\Remotion.Packaging.Dms.build = build\Remotion.Packaging.Dms.build
		build\Remotion.Packaging.include.build = build\Remotion.Packaging.include.build
		build\Remotion.Packaging.Relinq.build = build\Remotion.Packaging.Relinq.build
		build\Remotion.Packaging.Remix.build = build\Remotion.Packaging.Remix.build
		build\Remotion.Packaging.SecurityManager.build = build\Remotion.Packaging.SecurityManager.build
		build\Remotion.Projects.include.build = build\Remotion.Projects.include.build
		build\Remotion.Server.build = build\Remotion.Server.build
		build\Remotion.Tasks.include.build = build\Remotion.Tasks.include.build
		build\SandcastleProjectTemplate.shfbproj = build\SandcastleProjectTemplate.shfbproj
		build\SecureFileLoggerRules.rules = build\SecureFileLoggerRules.rules
	EndProjectSection
	ProjectSection(FolderStartupServices) = postProject
		{B4F97281-0DBD-4835-9ED8-7DFB966E87FF} = {B4F97281-0DBD-4835-9ED8-7DFB966E87FF}
	EndProjectSection
EndProject
Project("{2150E333-8FDC-42A3-9474-1A3956D46DE8}") = "Dms", "Dms", "{41F62020-3A67-4A33-B82A-9442510269E3}"
EndProject
Project("{FAE04EC0-301F-11D3-BF4B-00C04F79EFBC}") = "Core.Core", "Remotion\Core\Core\Core.Core.csproj", "{2AA369EC-A4E7-4D75-9101-EFA90E902625}"
EndProject
Project("{FAE04EC0-301F-11D3-BF4B-00C04F79EFBC}") = "Core.UnitTests", "Remotion\Core\UnitTests\Core.UnitTests.csproj", "{C216DEC9-8820-4298-B10F-FB4131466B69}"
EndProject
Project("{FAE04EC0-301F-11D3-BF4B-00C04F79EFBC}") = "Data.DomainObjects", "Remotion\Data\DomainObjects\Data.DomainObjects.csproj", "{C2D4102A-6DB9-4997-85BE-AFA6ECF42F1A}"
EndProject
Project("{FAE04EC0-301F-11D3-BF4B-00C04F79EFBC}") = "Data.DomainObjects.PerformanceTests", "Remotion\Data\DomainObjects.PerformanceTests\Data.DomainObjects.PerformanceTests.csproj", "{717B711E-97AB-4751-97C5-C0491D1919FA}"
EndProject
Project("{FAE04EC0-301F-11D3-BF4B-00C04F79EFBC}") = "Data.DomainObjects.RdbmsTools", "Remotion\Data\DomainObjects.RdbmsTools\Data.DomainObjects.RdbmsTools.csproj", "{A6505EE0-0F6B-4CB6-ACC7-1C05C0E236BC}"
EndProject
Project("{FAE04EC0-301F-11D3-BF4B-00C04F79EFBC}") = "Data.DomainObjects.Security", "Remotion\Data\DomainObjects.Security\Data.DomainObjects.Security.csproj", "{2C87FB62-CC00-4297-A3EA-35F4FC6649F0}"
EndProject
Project("{FAE04EC0-301F-11D3-BF4B-00C04F79EFBC}") = "Data.DomainObjects.Web.Test", "Remotion\Data\DomainObjects.Web.Test\Data.DomainObjects.Web.Test.csproj", "{86C6C68B-3AF4-4ADE-95FD-29D404F114FD}"
EndProject
Project("{FAE04EC0-301F-11D3-BF4B-00C04F79EFBC}") = "Data.Core", "Remotion\Data\Core\Data.Core.csproj", "{70273934-12F1-49AF-975A-303BAEFE1CAE}"
EndProject
Project("{FAE04EC0-301F-11D3-BF4B-00C04F79EFBC}") = "Data.UnitTests", "Remotion\Data\UnitTests\Data.UnitTests.csproj", "{6DEF9C11-1D5A-4B14-A4EB-F4C7E7CC3E7B}"
EndProject
Project("{FAE04EC0-301F-11D3-BF4B-00C04F79EFBC}") = "Development.Core", "Remotion\Development\Core\Development.Core.csproj", "{B719A305-0493-4C72-88FE-9A2FC6964578}"
EndProject
Project("{FAE04EC0-301F-11D3-BF4B-00C04F79EFBC}") = "Development.CodeDom", "Remotion\Development\CodeDom\Development.CodeDom.csproj", "{AD1A0CD9-C08C-449C-9A7D-2D8BC5439BDC}"
EndProject
Project("{FAE04EC0-301F-11D3-BF4B-00C04F79EFBC}") = "Development.UnitTests", "Remotion\Development\UnitTests\Development.UnitTests.csproj", "{F5416318-15B4-421E-9B44-03CD4C052D5A}"
EndProject
Project("{FAE04EC0-301F-11D3-BF4B-00C04F79EFBC}") = "ObjectBinding.Core", "Remotion\ObjectBinding\Core\ObjectBinding.Core.csproj", "{FDCCDB1E-0962-41DA-99A1-2DB390C48748}"
EndProject
Project("{FAE04EC0-301F-11D3-BF4B-00C04F79EFBC}") = "ObjectBinding.Sample", "Remotion\ObjectBinding\Sample\ObjectBinding.Sample.csproj", "{5F1B88F7-FAFB-45C2-A357-333245870A6B}"
EndProject
Project("{FAE04EC0-301F-11D3-BF4B-00C04F79EFBC}") = "ObjectBinding.UnitTests", "Remotion\ObjectBinding\UnitTests\ObjectBinding.UnitTests.csproj", "{5C1EB605-33ED-4A19-91B0-D060638191FB}"
EndProject
Project("{FAE04EC0-301F-11D3-BF4B-00C04F79EFBC}") = "ObjectBinding.Web", "Remotion\ObjectBinding\Web\ObjectBinding.Web.csproj", "{390FBB93-A757-47A7-B769-A64A7465FF84}"
EndProject
Project("{FAE04EC0-301F-11D3-BF4B-00C04F79EFBC}") = "ObjectBinding.Web.Preview", "Remotion\ObjectBinding\Web.Preview\ObjectBinding.Web.Preview.csproj", "{6D58BB53-8709-48F9-8EF9-0D65B11A162C}"
EndProject
Project("{FAE04EC0-301F-11D3-BF4B-00C04F79EFBC}") = "ObjectBinding.Web.Legacy", "Remotion\ObjectBinding\Web.Legacy\ObjectBinding.Web.Legacy.csproj", "{38BAE576-C67B-471D-82C6-91B0BB6F14DA}"
EndProject
Project("{FAE04EC0-301F-11D3-BF4B-00C04F79EFBC}") = "ObjectBinding.Web.Test", "Remotion\ObjectBinding\Web.Test\ObjectBinding.Web.Test.csproj", "{FE98ED8D-E645-4E11-9431-FA5EE8ED7C86}"
EndProject
Project("{FAE04EC0-301F-11D3-BF4B-00C04F79EFBC}") = "Security.Core", "Remotion\Security\Core\Security.Core.csproj", "{FBE0CBDD-82FF-4173-8536-47D3B5BC2E98}"
EndProject
Project("{FAE04EC0-301F-11D3-BF4B-00C04F79EFBC}") = "Security.Metadata.Extractor", "Remotion\Security\Metadata.Extractor\Security.Metadata.Extractor.csproj", "{E294058B-D4F0-4124-BD22-15E44F57749B}"
EndProject
Project("{FAE04EC0-301F-11D3-BF4B-00C04F79EFBC}") = "Security.MSBuild.Tasks", "Remotion\Security\MSBuild.Tasks\Security.MSBuild.Tasks.csproj", "{7CA0F5EF-CDEA-4B5D-9954-1CC50973C7D0}"
EndProject
Project("{FAE04EC0-301F-11D3-BF4B-00C04F79EFBC}") = "Security.UnitTests.TestDomain", "Remotion\Security\UnitTests.TestDomain\Security.UnitTests.TestDomain.csproj", "{AC34B1D8-A295-44A4-AE9D-8167B3C3ED44}"
EndProject
Project("{FAE04EC0-301F-11D3-BF4B-00C04F79EFBC}") = "Security.UnitTests", "Remotion\Security\UnitTests\Security.UnitTests.csproj", "{EF86BF16-81EF-4F51-B2B1-DB3C7C1E4CDE}"
EndProject
Project("{FAE04EC0-301F-11D3-BF4B-00C04F79EFBC}") = "SecurityManager.Clients.Web", "SecurityManager\Clients.Web\SecurityManager.Clients.Web.csproj", "{558839F6-D762-47BA-A26C-1D4AA75D0994}"
EndProject
Project("{FAE04EC0-301F-11D3-BF4B-00C04F79EFBC}") = "SecurityManager.Clients.Web.Test", "SecurityManager\Clients.Web.Test\SecurityManager.Clients.Web.Test.csproj", "{1FF52B13-C212-4ADA-86E0-04E49A808FE0}"
EndProject
Project("{FAE04EC0-301F-11D3-BF4B-00C04F79EFBC}") = "SecurityManager.Clients.Web.Test.SetupDB", "SecurityManager\Clients.Web.Test.SetupDB\SecurityManager.Clients.Web.Test.SetupDB.csproj", "{F9D890F8-EB08-4D58-BDFA-6C6540F15795}"
EndProject
Project("{FAE04EC0-301F-11D3-BF4B-00C04F79EFBC}") = "SecurityManager.Core", "SecurityManager\Core\SecurityManager.Core.csproj", "{990B8638-A08F-4A94-B01A-E7DAEF089F27}"
	ProjectSection(ProjectDependencies) = postProject
		{A6505EE0-0F6B-4CB6-ACC7-1C05C0E236BC} = {A6505EE0-0F6B-4CB6-ACC7-1C05C0E236BC}
	EndProjectSection
EndProject
Project("{FAE04EC0-301F-11D3-BF4B-00C04F79EFBC}") = "SecurityManager.Core.UnitTests", "SecurityManager\Core.UnitTests\SecurityManager.Core.UnitTests.csproj", "{65B86B2E-D54D-425B-B681-82449E31BA01}"
EndProject
Project("{FAE04EC0-301F-11D3-BF4B-00C04F79EFBC}") = "SecurityManager.Metadata.Importer", "SecurityManager\Metadata.Importer\SecurityManager.Metadata.Importer.csproj", "{28A3431B-A3A8-4E8D-BDA8-CB3CC7EA2894}"
EndProject
Project("{FAE04EC0-301F-11D3-BF4B-00C04F79EFBC}") = "Web.Core", "Remotion\Web\Core\Web.Core.csproj", "{DF8BA786-9679-4879-8757-16AE2709D83A}"
EndProject
Project("{FAE04EC0-301F-11D3-BF4B-00C04F79EFBC}") = "Web.Security", "Remotion\Web\Security\Web.Security.csproj", "{9B6F6D1A-A7EA-4EE8-B36E-E31CF7E518E3}"
EndProject
Project("{FAE04EC0-301F-11D3-BF4B-00C04F79EFBC}") = "Web.Legacy", "Remotion\Web\Legacy\Web.Legacy.csproj", "{DD30FC13-485F-425D-8FA0-0CE8998B925D}"
EndProject
Project("{FAE04EC0-301F-11D3-BF4B-00C04F79EFBC}") = "Web.Test", "Remotion\Web\Test\Web.Test.csproj", "{0B5318E7-4878-402A-8CF8-6BFFC47F571D}"
EndProject
Project("{FAE04EC0-301F-11D3-BF4B-00C04F79EFBC}") = "Web.UnitTests", "Remotion\Web\UnitTests\Web.UnitTests.csproj", "{F3EE8E9C-5230-4D1A-B655-CA65E2D52F21}"
EndProject
Project("{FAE04EC0-301F-11D3-BF4B-00C04F79EFBC}") = "Web.ExecutionEngine.CodeGenerator", "Remotion\Web\ExecutionEngine.CodeGenerator\Web.ExecutionEngine.CodeGenerator.csproj", "{6693589F-085C-4CB7-A28A-426F19C19E6B}"
EndProject
Project("{FAE04EC0-301F-11D3-BF4B-00C04F79EFBC}") = "Web.ExecutionEngine.CodeGenerator.Test", "Remotion\Web\ExecutionEngine.CodeGenerator.Test\Web.ExecutionEngine.CodeGenerator.Test.csproj", "{2ADC369A-4CE5-4378-B72E-4FBEDD8FA724}"
	ProjectSection(ProjectDependencies) = postProject
		{6693589F-085C-4CB7-A28A-426F19C19E6B} = {6693589F-085C-4CB7-A28A-426F19C19E6B}
	EndProjectSection
EndProject
Project("{F184B08F-C81C-45F6-A57F-5ABD9991F28F}") = "Web.ExecutionEngine.CodeGenerator.TestVB", "Remotion\Web\ExecutionEngine.CodeGenerator.TestVB\Web.ExecutionEngine.CodeGenerator.TestVB.vbproj", "{88CA7395-A63D-4934-ADA7-7D0600C85DA3}"
	ProjectSection(ProjectDependencies) = postProject
		{6693589F-085C-4CB7-A28A-426F19C19E6B} = {6693589F-085C-4CB7-A28A-426F19C19E6B}
	EndProjectSection
EndProject
Project("{FAE04EC0-301F-11D3-BF4B-00C04F79EFBC}") = "Development.Data", "Remotion\Development\Data\Development.Data.csproj", "{EBBF3A56-5B7B-4CD7-9AA9-74AF17B0B7ED}"
EndProject
Project("{FAE04EC0-301F-11D3-BF4B-00C04F79EFBC}") = "Development.Web", "Remotion\Development\Web\Development.Web.csproj", "{44924ED6-8C12-416D-972F-F1F10417E7EF}"
EndProject
Project("{FAE04EC0-301F-11D3-BF4B-00C04F79EFBC}") = "Dms.Clients.Windows.Tray", "Dms\Clients.Windows.Tray\Dms.Clients.Windows.Tray.csproj", "{B5CBF254-BC60-4018-A772-DAD5DE4C96EE}"
EndProject
Project("{FAE04EC0-301F-11D3-BF4B-00C04F79EFBC}") = "Dms.Core", "Dms\Core\Dms.Core.csproj", "{7ACCED5E-6AE7-477D-8D15-ED33DEAB0FD9}"
EndProject
Project("{FAE04EC0-301F-11D3-BF4B-00C04F79EFBC}") = "Dms.DesktopConnector", "Dms\DesktopConnector\Dms.DesktopConnector.csproj", "{F3AB6F46-3776-4562-8BB2-FFFDE7E62BE0}"
EndProject
Project("{FAE04EC0-301F-11D3-BF4B-00C04F79EFBC}") = "Dms.Shared", "Dms\Shared\Dms.Shared.csproj", "{B79940B8-1949-406D-9CCA-E6349898E11A}"
EndProject
Project("{FAE04EC0-301F-11D3-BF4B-00C04F79EFBC}") = "Dms.UnitTests", "Dms\UnitTests\Dms.UnitTests.csproj", "{1763F21F-531C-4E86-ACFC-9A8BF903F945}"
EndProject
Project("{FAE04EC0-301F-11D3-BF4B-00C04F79EFBC}") = "Dms.Web", "Dms\Web\Dms.Web.csproj", "{F47CE8AE-22DA-4666-8371-01E7A32D539B}"
EndProject
Project("{FAE04EC0-301F-11D3-BF4B-00C04F79EFBC}") = "Dms.Web.Test", "Dms\Web.Test\Dms.Web.Test.csproj", "{12C435C1-FE1C-4368-8FE5-A29B22A8F962}"
EndProject
Project("{FAE04EC0-301F-11D3-BF4B-00C04F79EFBC}") = "SecurityManager.AclTools.Expander", "SecurityManager\AclTools.Expander\SecurityManager.AclTools.Expander.csproj", "{3214FB15-2359-48EC-A926-2CAA47E4D826}"
EndProject
Project("{FAE04EC0-301F-11D3-BF4B-00C04F79EFBC}") = "ScannerTestApp", "Dms\ScannerTestApp\ScannerTestApp.csproj", "{E1A18D12-1199-47D2-8B70-CB75749B1674}"
EndProject
Project("{FAE04EC0-301F-11D3-BF4B-00C04F79EFBC}") = "Dms.DocumentEventMonitor", "Dms\DocumentEventMonitor\Dms.DocumentEventMonitor.csproj", "{D8878C01-CE48-4CAE-BCCE-096A70744F65}"
EndProject
Project("{FAE04EC0-301F-11D3-BF4B-00C04F79EFBC}") = "Data.DomainObjects.UberProfIntegration", "Remotion\Data\DomainObjects.UberProfIntegration\Data.DomainObjects.UberProfIntegration.csproj", "{81E5BEC0-B845-4470-BD19-9FCB121CB413}"
EndProject
Project("{2150E333-8FDC-42A3-9474-1A3956D46DE8}") = "Relinq", "Relinq", "{955E99DD-2136-40BB-9EAF-24CED6006803}"
EndProject
Project("{FAE04EC0-301F-11D3-BF4B-00C04F79EFBC}") = "Linq.Core", "Relinq\Core\Linq.Core.csproj", "{028E7899-0D5F-49C8-9EB6-8B051E02F1E0}"
EndProject
Project("{FAE04EC0-301F-11D3-BF4B-00C04F79EFBC}") = "Linq.IntegrationTests.Common", "Relinq\IntegrationTests.Common\Linq.IntegrationTests.Common.csproj", "{1246CA5E-FF19-4810-B92A-263F1F5E72A6}"
EndProject
Project("{FAE04EC0-301F-11D3-BF4B-00C04F79EFBC}") = "Linq.IntegrationTests.CSharp", "Relinq\IntegrationTests.CSharp\Linq.IntegrationTests.CSharp.csproj", "{DDB5BD34-5F14-43F5-BC6B-28374737AF23}"
EndProject
Project("{F184B08F-C81C-45F6-A57F-5ABD9991F28F}") = "Linq.IntegrationTests.VisualBasic", "Relinq\IntegrationTests.VisualBasic\Linq.IntegrationTests.VisualBasic.vbproj", "{F0DC28F8-34FA-488A-BEF4-3F11398A5339}"
EndProject
Project("{FAE04EC0-301F-11D3-BF4B-00C04F79EFBC}") = "Linq.LinqToSqlAdapter", "Relinq\LinqToSqlAdapter\Linq.LinqToSqlAdapter.csproj", "{6A28082C-F2B7-40A3-9E32-0AB28E7DA46E}"
EndProject
Project("{FAE04EC0-301F-11D3-BF4B-00C04F79EFBC}") = "Linq.SqlBackend", "Relinq\SqlBackend\Linq.SqlBackend.csproj", "{EBA04D26-8D5B-4EF5-9898-C2D90373149C}"
EndProject
Project("{FAE04EC0-301F-11D3-BF4B-00C04F79EFBC}") = "Linq.UnitTests", "Relinq\UnitTests\Linq.UnitTests.csproj", "{17484781-E537-4442-9915-CA47AC5F6858}"
EndProject
Project("{2150E333-8FDC-42A3-9474-1A3956D46DE8}") = "Scripting", "Scripting", "{988D8C19-2325-4EBC-B74F-1EFC0E620587}"
EndProject
Project("{FAE04EC0-301F-11D3-BF4B-00C04F79EFBC}") = "Scripting.Core", "Remotion\Scripting\Core\Scripting.Core.csproj", "{58B51BBB-23D9-4B96-9F1F-8696B71F73C8}"
EndProject
Project("{FAE04EC0-301F-11D3-BF4B-00C04F79EFBC}") = "Scripting.UnitTests", "Remotion\Scripting\UnitTests\Scripting.UnitTests.csproj", "{4A626E26-F384-451A-A966-C90B961D9C8D}"
EndProject
Project("{2150E333-8FDC-42A3-9474-1A3956D46DE8}") = "Mixins", "Mixins", "{5D41A27E-2DB6-4BFB-B65E-CE4344369B88}"
EndProject
Project("{FAE04EC0-301F-11D3-BF4B-00C04F79EFBC}") = "Mixins.UnitTests", "Remotion\Mixins\UnitTests\Mixins.UnitTests.csproj", "{51F58AF1-F925-4000-A0C3-7C88E290DFB8}"
EndProject
Project("{FAE04EC0-301F-11D3-BF4B-00C04F79EFBC}") = "Mixins.Core", "Remotion\Mixins\Core\Mixins.Core.csproj", "{D641E4E2-23F3-4454-8074-1327EF07BAA1}"
EndProject
Project("{FAE04EC0-301F-11D3-BF4B-00C04F79EFBC}") = "Mixins.MixerTools", "Remotion\Mixins\MixerTools\Mixins.MixerTools.csproj", "{152DAF45-13C9-4A73-90D0-DF774ED12528}"
EndProject
Project("{FAE04EC0-301F-11D3-BF4B-00C04F79EFBC}") = "Mixins.Samples", "Remotion\Mixins\Samples\Mixins.Samples.csproj", "{9731FCDD-0F9F-41C5-B691-8AA9101CE249}"
EndProject
Project("{2150E333-8FDC-42A3-9474-1A3956D46DE8}") = "TypePipe", "TypePipe", "{2E38AD70-ECDF-4722-981C-7388C446A514}"
EndProject
Project("{FAE04EC0-301F-11D3-BF4B-00C04F79EFBC}") = "TypePipe.Core", "Remotion\TypePipe\Core\TypePipe.Core.csproj", "{98E7F7AA-12B2-4A6B-8922-52C8E53B378E}"
EndProject
Project("{FAE04EC0-301F-11D3-BF4B-00C04F79EFBC}") = "TypePipe.UnitTests", "Remotion\TypePipe\UnitTests\TypePipe.UnitTests.csproj", "{81C58D26-AD10-4422-8AB1-999C34CA8D79}"
EndProject
Project("{FAE04EC0-301F-11D3-BF4B-00C04F79EFBC}") = "TypePipe.IntegrationTests", "Remotion\TypePipe\IntegrationTests\TypePipe.IntegrationTests.csproj", "{37304DD7-81D0-4110-B924-D974C04F067C}"
EndProject
Project("{FAE04EC0-301F-11D3-BF4B-00C04F79EFBC}") = "TypePipe.PerformanceTests", "Remotion\TypePipe\PerformanceTests\TypePipe.PerformanceTests.csproj", "{C138ADE5-F991-49A8-8BB3-B5F5381F60DA}"
EndProject
Project("{FAE04EC0-301F-11D3-BF4B-00C04F79EFBC}") = "Development.RhinoMocks", "Remotion\Development\RhinoMocks\Development.RhinoMocks.csproj", "{2177143E-345F-4FAA-9958-1AE2B5EED242}"
EndProject
Project("{FAE04EC0-301F-11D3-BF4B-00C04F79EFBC}") = "SecurityManager.PerformanceTests", "SecurityManager\PerformanceTests\SecurityManager.PerformanceTests.csproj", "{2657E4C0-90AB-4B2E-A1B9-90DD4EEE7825}"
EndProject
Global
	GlobalSection(SolutionConfigurationPlatforms) = preSolution
		Debug|Mixed Platforms = Debug|Mixed Platforms
		Release|Mixed Platforms = Release|Mixed Platforms
	EndGlobalSection
	GlobalSection(ProjectConfigurationPlatforms) = postSolution
		{2AA369EC-A4E7-4D75-9101-EFA90E902625}.Debug|Mixed Platforms.ActiveCfg = Debug|Any CPU
		{2AA369EC-A4E7-4D75-9101-EFA90E902625}.Debug|Mixed Platforms.Build.0 = Debug|Any CPU
		{2AA369EC-A4E7-4D75-9101-EFA90E902625}.Release|Mixed Platforms.ActiveCfg = Release|Any CPU
		{2AA369EC-A4E7-4D75-9101-EFA90E902625}.Release|Mixed Platforms.Build.0 = Release|Any CPU
		{C216DEC9-8820-4298-B10F-FB4131466B69}.Debug|Mixed Platforms.ActiveCfg = Debug|Any CPU
		{C216DEC9-8820-4298-B10F-FB4131466B69}.Debug|Mixed Platforms.Build.0 = Debug|Any CPU
		{C216DEC9-8820-4298-B10F-FB4131466B69}.Release|Mixed Platforms.ActiveCfg = Release|Any CPU
		{C216DEC9-8820-4298-B10F-FB4131466B69}.Release|Mixed Platforms.Build.0 = Release|Any CPU
		{C2D4102A-6DB9-4997-85BE-AFA6ECF42F1A}.Debug|Mixed Platforms.ActiveCfg = Debug|Any CPU
		{C2D4102A-6DB9-4997-85BE-AFA6ECF42F1A}.Debug|Mixed Platforms.Build.0 = Debug|Any CPU
		{C2D4102A-6DB9-4997-85BE-AFA6ECF42F1A}.Release|Mixed Platforms.ActiveCfg = Release|Any CPU
		{C2D4102A-6DB9-4997-85BE-AFA6ECF42F1A}.Release|Mixed Platforms.Build.0 = Release|Any CPU
		{717B711E-97AB-4751-97C5-C0491D1919FA}.Debug|Mixed Platforms.ActiveCfg = Debug|Any CPU
		{717B711E-97AB-4751-97C5-C0491D1919FA}.Debug|Mixed Platforms.Build.0 = Debug|Any CPU
		{717B711E-97AB-4751-97C5-C0491D1919FA}.Release|Mixed Platforms.ActiveCfg = Release|Any CPU
		{717B711E-97AB-4751-97C5-C0491D1919FA}.Release|Mixed Platforms.Build.0 = Release|Any CPU
		{A6505EE0-0F6B-4CB6-ACC7-1C05C0E236BC}.Debug|Mixed Platforms.ActiveCfg = Debug|Any CPU
		{A6505EE0-0F6B-4CB6-ACC7-1C05C0E236BC}.Debug|Mixed Platforms.Build.0 = Debug|Any CPU
		{A6505EE0-0F6B-4CB6-ACC7-1C05C0E236BC}.Release|Mixed Platforms.ActiveCfg = Release|Any CPU
		{A6505EE0-0F6B-4CB6-ACC7-1C05C0E236BC}.Release|Mixed Platforms.Build.0 = Release|Any CPU
		{2C87FB62-CC00-4297-A3EA-35F4FC6649F0}.Debug|Mixed Platforms.ActiveCfg = Debug|Any CPU
		{2C87FB62-CC00-4297-A3EA-35F4FC6649F0}.Debug|Mixed Platforms.Build.0 = Debug|Any CPU
		{2C87FB62-CC00-4297-A3EA-35F4FC6649F0}.Release|Mixed Platforms.ActiveCfg = Release|Any CPU
		{2C87FB62-CC00-4297-A3EA-35F4FC6649F0}.Release|Mixed Platforms.Build.0 = Release|Any CPU
		{86C6C68B-3AF4-4ADE-95FD-29D404F114FD}.Debug|Mixed Platforms.ActiveCfg = Debug|Any CPU
		{86C6C68B-3AF4-4ADE-95FD-29D404F114FD}.Debug|Mixed Platforms.Build.0 = Debug|Any CPU
		{86C6C68B-3AF4-4ADE-95FD-29D404F114FD}.Release|Mixed Platforms.ActiveCfg = Release|Any CPU
		{86C6C68B-3AF4-4ADE-95FD-29D404F114FD}.Release|Mixed Platforms.Build.0 = Release|Any CPU
		{70273934-12F1-49AF-975A-303BAEFE1CAE}.Debug|Mixed Platforms.ActiveCfg = Debug|Any CPU
		{70273934-12F1-49AF-975A-303BAEFE1CAE}.Debug|Mixed Platforms.Build.0 = Debug|Any CPU
		{70273934-12F1-49AF-975A-303BAEFE1CAE}.Release|Mixed Platforms.ActiveCfg = Release|Any CPU
		{70273934-12F1-49AF-975A-303BAEFE1CAE}.Release|Mixed Platforms.Build.0 = Release|Any CPU
		{6DEF9C11-1D5A-4B14-A4EB-F4C7E7CC3E7B}.Debug|Mixed Platforms.ActiveCfg = Debug|Any CPU
		{6DEF9C11-1D5A-4B14-A4EB-F4C7E7CC3E7B}.Debug|Mixed Platforms.Build.0 = Debug|Any CPU
		{6DEF9C11-1D5A-4B14-A4EB-F4C7E7CC3E7B}.Release|Mixed Platforms.ActiveCfg = Release|Any CPU
		{6DEF9C11-1D5A-4B14-A4EB-F4C7E7CC3E7B}.Release|Mixed Platforms.Build.0 = Release|Any CPU
		{B719A305-0493-4C72-88FE-9A2FC6964578}.Debug|Mixed Platforms.ActiveCfg = Debug|Any CPU
		{B719A305-0493-4C72-88FE-9A2FC6964578}.Debug|Mixed Platforms.Build.0 = Debug|Any CPU
		{B719A305-0493-4C72-88FE-9A2FC6964578}.Release|Mixed Platforms.ActiveCfg = Release|Any CPU
		{B719A305-0493-4C72-88FE-9A2FC6964578}.Release|Mixed Platforms.Build.0 = Release|Any CPU
		{AD1A0CD9-C08C-449C-9A7D-2D8BC5439BDC}.Debug|Mixed Platforms.ActiveCfg = Debug|Any CPU
		{AD1A0CD9-C08C-449C-9A7D-2D8BC5439BDC}.Debug|Mixed Platforms.Build.0 = Debug|Any CPU
		{AD1A0CD9-C08C-449C-9A7D-2D8BC5439BDC}.Release|Mixed Platforms.ActiveCfg = Release|Any CPU
		{AD1A0CD9-C08C-449C-9A7D-2D8BC5439BDC}.Release|Mixed Platforms.Build.0 = Release|Any CPU
		{F5416318-15B4-421E-9B44-03CD4C052D5A}.Debug|Mixed Platforms.ActiveCfg = Debug|Any CPU
		{F5416318-15B4-421E-9B44-03CD4C052D5A}.Debug|Mixed Platforms.Build.0 = Debug|Any CPU
		{F5416318-15B4-421E-9B44-03CD4C052D5A}.Release|Mixed Platforms.ActiveCfg = Release|Any CPU
		{F5416318-15B4-421E-9B44-03CD4C052D5A}.Release|Mixed Platforms.Build.0 = Release|Any CPU
		{FDCCDB1E-0962-41DA-99A1-2DB390C48748}.Debug|Mixed Platforms.ActiveCfg = Debug|Any CPU
		{FDCCDB1E-0962-41DA-99A1-2DB390C48748}.Debug|Mixed Platforms.Build.0 = Debug|Any CPU
		{FDCCDB1E-0962-41DA-99A1-2DB390C48748}.Release|Mixed Platforms.ActiveCfg = Release|Any CPU
		{FDCCDB1E-0962-41DA-99A1-2DB390C48748}.Release|Mixed Platforms.Build.0 = Release|Any CPU
		{5F1B88F7-FAFB-45C2-A357-333245870A6B}.Debug|Mixed Platforms.ActiveCfg = Debug|Any CPU
		{5F1B88F7-FAFB-45C2-A357-333245870A6B}.Debug|Mixed Platforms.Build.0 = Debug|Any CPU
		{5F1B88F7-FAFB-45C2-A357-333245870A6B}.Release|Mixed Platforms.ActiveCfg = Release|Any CPU
		{5F1B88F7-FAFB-45C2-A357-333245870A6B}.Release|Mixed Platforms.Build.0 = Release|Any CPU
		{5C1EB605-33ED-4A19-91B0-D060638191FB}.Debug|Mixed Platforms.ActiveCfg = Debug|Any CPU
		{5C1EB605-33ED-4A19-91B0-D060638191FB}.Debug|Mixed Platforms.Build.0 = Debug|Any CPU
		{5C1EB605-33ED-4A19-91B0-D060638191FB}.Release|Mixed Platforms.ActiveCfg = Release|Any CPU
		{5C1EB605-33ED-4A19-91B0-D060638191FB}.Release|Mixed Platforms.Build.0 = Release|Any CPU
		{390FBB93-A757-47A7-B769-A64A7465FF84}.Debug|Mixed Platforms.ActiveCfg = Debug|Any CPU
		{390FBB93-A757-47A7-B769-A64A7465FF84}.Debug|Mixed Platforms.Build.0 = Debug|Any CPU
		{390FBB93-A757-47A7-B769-A64A7465FF84}.Release|Mixed Platforms.ActiveCfg = Release|Any CPU
		{390FBB93-A757-47A7-B769-A64A7465FF84}.Release|Mixed Platforms.Build.0 = Release|Any CPU
		{6D58BB53-8709-48F9-8EF9-0D65B11A162C}.Debug|Mixed Platforms.ActiveCfg = Debug|Any CPU
		{6D58BB53-8709-48F9-8EF9-0D65B11A162C}.Debug|Mixed Platforms.Build.0 = Debug|Any CPU
		{6D58BB53-8709-48F9-8EF9-0D65B11A162C}.Release|Mixed Platforms.ActiveCfg = Release|Any CPU
		{6D58BB53-8709-48F9-8EF9-0D65B11A162C}.Release|Mixed Platforms.Build.0 = Release|Any CPU
		{38BAE576-C67B-471D-82C6-91B0BB6F14DA}.Debug|Mixed Platforms.ActiveCfg = Debug|Any CPU
		{38BAE576-C67B-471D-82C6-91B0BB6F14DA}.Debug|Mixed Platforms.Build.0 = Debug|Any CPU
		{38BAE576-C67B-471D-82C6-91B0BB6F14DA}.Release|Mixed Platforms.ActiveCfg = Release|Any CPU
		{38BAE576-C67B-471D-82C6-91B0BB6F14DA}.Release|Mixed Platforms.Build.0 = Release|Any CPU
		{FE98ED8D-E645-4E11-9431-FA5EE8ED7C86}.Debug|Mixed Platforms.ActiveCfg = Debug|Any CPU
		{FE98ED8D-E645-4E11-9431-FA5EE8ED7C86}.Debug|Mixed Platforms.Build.0 = Debug|Any CPU
		{FE98ED8D-E645-4E11-9431-FA5EE8ED7C86}.Release|Mixed Platforms.ActiveCfg = Release|Any CPU
		{FE98ED8D-E645-4E11-9431-FA5EE8ED7C86}.Release|Mixed Platforms.Build.0 = Release|Any CPU
		{FBE0CBDD-82FF-4173-8536-47D3B5BC2E98}.Debug|Mixed Platforms.ActiveCfg = Debug|Any CPU
		{FBE0CBDD-82FF-4173-8536-47D3B5BC2E98}.Debug|Mixed Platforms.Build.0 = Debug|Any CPU
		{FBE0CBDD-82FF-4173-8536-47D3B5BC2E98}.Release|Mixed Platforms.ActiveCfg = Release|Any CPU
		{FBE0CBDD-82FF-4173-8536-47D3B5BC2E98}.Release|Mixed Platforms.Build.0 = Release|Any CPU
		{E294058B-D4F0-4124-BD22-15E44F57749B}.Debug|Mixed Platforms.ActiveCfg = Debug|Any CPU
		{E294058B-D4F0-4124-BD22-15E44F57749B}.Debug|Mixed Platforms.Build.0 = Debug|Any CPU
		{E294058B-D4F0-4124-BD22-15E44F57749B}.Release|Mixed Platforms.ActiveCfg = Release|Any CPU
		{E294058B-D4F0-4124-BD22-15E44F57749B}.Release|Mixed Platforms.Build.0 = Release|Any CPU
		{7CA0F5EF-CDEA-4B5D-9954-1CC50973C7D0}.Debug|Mixed Platforms.ActiveCfg = Debug|Any CPU
		{7CA0F5EF-CDEA-4B5D-9954-1CC50973C7D0}.Debug|Mixed Platforms.Build.0 = Debug|Any CPU
		{7CA0F5EF-CDEA-4B5D-9954-1CC50973C7D0}.Release|Mixed Platforms.ActiveCfg = Release|Any CPU
		{7CA0F5EF-CDEA-4B5D-9954-1CC50973C7D0}.Release|Mixed Platforms.Build.0 = Release|Any CPU
		{AC34B1D8-A295-44A4-AE9D-8167B3C3ED44}.Debug|Mixed Platforms.ActiveCfg = Debug|Any CPU
		{AC34B1D8-A295-44A4-AE9D-8167B3C3ED44}.Debug|Mixed Platforms.Build.0 = Debug|Any CPU
		{AC34B1D8-A295-44A4-AE9D-8167B3C3ED44}.Release|Mixed Platforms.ActiveCfg = Release|Any CPU
		{AC34B1D8-A295-44A4-AE9D-8167B3C3ED44}.Release|Mixed Platforms.Build.0 = Release|Any CPU
		{EF86BF16-81EF-4F51-B2B1-DB3C7C1E4CDE}.Debug|Mixed Platforms.ActiveCfg = Debug|Any CPU
		{EF86BF16-81EF-4F51-B2B1-DB3C7C1E4CDE}.Debug|Mixed Platforms.Build.0 = Debug|Any CPU
		{EF86BF16-81EF-4F51-B2B1-DB3C7C1E4CDE}.Release|Mixed Platforms.ActiveCfg = Release|Any CPU
		{EF86BF16-81EF-4F51-B2B1-DB3C7C1E4CDE}.Release|Mixed Platforms.Build.0 = Release|Any CPU
		{558839F6-D762-47BA-A26C-1D4AA75D0994}.Debug|Mixed Platforms.ActiveCfg = Debug|Any CPU
		{558839F6-D762-47BA-A26C-1D4AA75D0994}.Debug|Mixed Platforms.Build.0 = Debug|Any CPU
		{558839F6-D762-47BA-A26C-1D4AA75D0994}.Release|Mixed Platforms.ActiveCfg = Release|Any CPU
		{558839F6-D762-47BA-A26C-1D4AA75D0994}.Release|Mixed Platforms.Build.0 = Release|Any CPU
		{1FF52B13-C212-4ADA-86E0-04E49A808FE0}.Debug|Mixed Platforms.ActiveCfg = Debug|Any CPU
		{1FF52B13-C212-4ADA-86E0-04E49A808FE0}.Debug|Mixed Platforms.Build.0 = Debug|Any CPU
		{1FF52B13-C212-4ADA-86E0-04E49A808FE0}.Release|Mixed Platforms.ActiveCfg = Release|Any CPU
		{1FF52B13-C212-4ADA-86E0-04E49A808FE0}.Release|Mixed Platforms.Build.0 = Release|Any CPU
		{F9D890F8-EB08-4D58-BDFA-6C6540F15795}.Debug|Mixed Platforms.ActiveCfg = Debug|Any CPU
		{F9D890F8-EB08-4D58-BDFA-6C6540F15795}.Debug|Mixed Platforms.Build.0 = Debug|Any CPU
		{F9D890F8-EB08-4D58-BDFA-6C6540F15795}.Release|Mixed Platforms.ActiveCfg = Release|Any CPU
		{F9D890F8-EB08-4D58-BDFA-6C6540F15795}.Release|Mixed Platforms.Build.0 = Release|Any CPU
		{990B8638-A08F-4A94-B01A-E7DAEF089F27}.Debug|Mixed Platforms.ActiveCfg = Debug|Any CPU
		{990B8638-A08F-4A94-B01A-E7DAEF089F27}.Debug|Mixed Platforms.Build.0 = Debug|Any CPU
		{990B8638-A08F-4A94-B01A-E7DAEF089F27}.Release|Mixed Platforms.ActiveCfg = Release|Any CPU
		{990B8638-A08F-4A94-B01A-E7DAEF089F27}.Release|Mixed Platforms.Build.0 = Release|Any CPU
		{65B86B2E-D54D-425B-B681-82449E31BA01}.Debug|Mixed Platforms.ActiveCfg = Debug|Any CPU
		{65B86B2E-D54D-425B-B681-82449E31BA01}.Debug|Mixed Platforms.Build.0 = Debug|Any CPU
		{65B86B2E-D54D-425B-B681-82449E31BA01}.Release|Mixed Platforms.ActiveCfg = Release|Any CPU
		{65B86B2E-D54D-425B-B681-82449E31BA01}.Release|Mixed Platforms.Build.0 = Release|Any CPU
		{28A3431B-A3A8-4E8D-BDA8-CB3CC7EA2894}.Debug|Mixed Platforms.ActiveCfg = Debug|Any CPU
		{28A3431B-A3A8-4E8D-BDA8-CB3CC7EA2894}.Debug|Mixed Platforms.Build.0 = Debug|Any CPU
		{28A3431B-A3A8-4E8D-BDA8-CB3CC7EA2894}.Release|Mixed Platforms.ActiveCfg = Release|Any CPU
		{28A3431B-A3A8-4E8D-BDA8-CB3CC7EA2894}.Release|Mixed Platforms.Build.0 = Release|Any CPU
		{DF8BA786-9679-4879-8757-16AE2709D83A}.Debug|Mixed Platforms.ActiveCfg = Debug|Any CPU
		{DF8BA786-9679-4879-8757-16AE2709D83A}.Debug|Mixed Platforms.Build.0 = Debug|Any CPU
		{DF8BA786-9679-4879-8757-16AE2709D83A}.Release|Mixed Platforms.ActiveCfg = Release|Any CPU
		{DF8BA786-9679-4879-8757-16AE2709D83A}.Release|Mixed Platforms.Build.0 = Release|Any CPU
		{9B6F6D1A-A7EA-4EE8-B36E-E31CF7E518E3}.Debug|Mixed Platforms.ActiveCfg = Debug|Any CPU
		{9B6F6D1A-A7EA-4EE8-B36E-E31CF7E518E3}.Debug|Mixed Platforms.Build.0 = Debug|Any CPU
		{9B6F6D1A-A7EA-4EE8-B36E-E31CF7E518E3}.Release|Mixed Platforms.ActiveCfg = Release|Any CPU
		{9B6F6D1A-A7EA-4EE8-B36E-E31CF7E518E3}.Release|Mixed Platforms.Build.0 = Release|Any CPU
		{DD30FC13-485F-425D-8FA0-0CE8998B925D}.Debug|Mixed Platforms.ActiveCfg = Debug|Any CPU
		{DD30FC13-485F-425D-8FA0-0CE8998B925D}.Debug|Mixed Platforms.Build.0 = Debug|Any CPU
		{DD30FC13-485F-425D-8FA0-0CE8998B925D}.Release|Mixed Platforms.ActiveCfg = Release|Any CPU
		{DD30FC13-485F-425D-8FA0-0CE8998B925D}.Release|Mixed Platforms.Build.0 = Release|Any CPU
		{0B5318E7-4878-402A-8CF8-6BFFC47F571D}.Debug|Mixed Platforms.ActiveCfg = Debug|Any CPU
		{0B5318E7-4878-402A-8CF8-6BFFC47F571D}.Debug|Mixed Platforms.Build.0 = Debug|Any CPU
		{0B5318E7-4878-402A-8CF8-6BFFC47F571D}.Release|Mixed Platforms.ActiveCfg = Release|Any CPU
		{0B5318E7-4878-402A-8CF8-6BFFC47F571D}.Release|Mixed Platforms.Build.0 = Release|Any CPU
		{F3EE8E9C-5230-4D1A-B655-CA65E2D52F21}.Debug|Mixed Platforms.ActiveCfg = Debug|Any CPU
		{F3EE8E9C-5230-4D1A-B655-CA65E2D52F21}.Debug|Mixed Platforms.Build.0 = Debug|Any CPU
		{F3EE8E9C-5230-4D1A-B655-CA65E2D52F21}.Release|Mixed Platforms.ActiveCfg = Release|Any CPU
		{F3EE8E9C-5230-4D1A-B655-CA65E2D52F21}.Release|Mixed Platforms.Build.0 = Release|Any CPU
		{6693589F-085C-4CB7-A28A-426F19C19E6B}.Debug|Mixed Platforms.ActiveCfg = Debug|Any CPU
		{6693589F-085C-4CB7-A28A-426F19C19E6B}.Debug|Mixed Platforms.Build.0 = Debug|Any CPU
		{6693589F-085C-4CB7-A28A-426F19C19E6B}.Release|Mixed Platforms.ActiveCfg = Release|Any CPU
		{6693589F-085C-4CB7-A28A-426F19C19E6B}.Release|Mixed Platforms.Build.0 = Release|Any CPU
		{2ADC369A-4CE5-4378-B72E-4FBEDD8FA724}.Debug|Mixed Platforms.ActiveCfg = Debug|Any CPU
		{2ADC369A-4CE5-4378-B72E-4FBEDD8FA724}.Debug|Mixed Platforms.Build.0 = Debug|Any CPU
		{2ADC369A-4CE5-4378-B72E-4FBEDD8FA724}.Release|Mixed Platforms.ActiveCfg = Release|Any CPU
		{2ADC369A-4CE5-4378-B72E-4FBEDD8FA724}.Release|Mixed Platforms.Build.0 = Release|Any CPU
		{88CA7395-A63D-4934-ADA7-7D0600C85DA3}.Debug|Mixed Platforms.ActiveCfg = Debug|Any CPU
		{88CA7395-A63D-4934-ADA7-7D0600C85DA3}.Debug|Mixed Platforms.Build.0 = Debug|Any CPU
		{88CA7395-A63D-4934-ADA7-7D0600C85DA3}.Release|Mixed Platforms.ActiveCfg = Release|Any CPU
		{88CA7395-A63D-4934-ADA7-7D0600C85DA3}.Release|Mixed Platforms.Build.0 = Release|Any CPU
		{EBBF3A56-5B7B-4CD7-9AA9-74AF17B0B7ED}.Debug|Mixed Platforms.ActiveCfg = Debug|Any CPU
		{EBBF3A56-5B7B-4CD7-9AA9-74AF17B0B7ED}.Debug|Mixed Platforms.Build.0 = Debug|Any CPU
		{EBBF3A56-5B7B-4CD7-9AA9-74AF17B0B7ED}.Release|Mixed Platforms.ActiveCfg = Release|Any CPU
		{EBBF3A56-5B7B-4CD7-9AA9-74AF17B0B7ED}.Release|Mixed Platforms.Build.0 = Release|Any CPU
		{44924ED6-8C12-416D-972F-F1F10417E7EF}.Debug|Mixed Platforms.ActiveCfg = Debug|Any CPU
		{44924ED6-8C12-416D-972F-F1F10417E7EF}.Debug|Mixed Platforms.Build.0 = Debug|Any CPU
		{44924ED6-8C12-416D-972F-F1F10417E7EF}.Release|Mixed Platforms.ActiveCfg = Release|Any CPU
		{44924ED6-8C12-416D-972F-F1F10417E7EF}.Release|Mixed Platforms.Build.0 = Release|Any CPU
		{B5CBF254-BC60-4018-A772-DAD5DE4C96EE}.Debug|Mixed Platforms.ActiveCfg = Debug|Any CPU
		{B5CBF254-BC60-4018-A772-DAD5DE4C96EE}.Debug|Mixed Platforms.Build.0 = Debug|Any CPU
		{B5CBF254-BC60-4018-A772-DAD5DE4C96EE}.Release|Mixed Platforms.ActiveCfg = Release|Any CPU
		{B5CBF254-BC60-4018-A772-DAD5DE4C96EE}.Release|Mixed Platforms.Build.0 = Release|Any CPU
		{7ACCED5E-6AE7-477D-8D15-ED33DEAB0FD9}.Debug|Mixed Platforms.ActiveCfg = Debug|Any CPU
		{7ACCED5E-6AE7-477D-8D15-ED33DEAB0FD9}.Debug|Mixed Platforms.Build.0 = Debug|Any CPU
		{7ACCED5E-6AE7-477D-8D15-ED33DEAB0FD9}.Release|Mixed Platforms.ActiveCfg = Release|Any CPU
		{7ACCED5E-6AE7-477D-8D15-ED33DEAB0FD9}.Release|Mixed Platforms.Build.0 = Release|Any CPU
		{F3AB6F46-3776-4562-8BB2-FFFDE7E62BE0}.Debug|Mixed Platforms.ActiveCfg = Debug|Any CPU
		{F3AB6F46-3776-4562-8BB2-FFFDE7E62BE0}.Debug|Mixed Platforms.Build.0 = Debug|Any CPU
		{F3AB6F46-3776-4562-8BB2-FFFDE7E62BE0}.Release|Mixed Platforms.ActiveCfg = Release|Any CPU
		{F3AB6F46-3776-4562-8BB2-FFFDE7E62BE0}.Release|Mixed Platforms.Build.0 = Release|Any CPU
		{B79940B8-1949-406D-9CCA-E6349898E11A}.Debug|Mixed Platforms.ActiveCfg = Debug|Any CPU
		{B79940B8-1949-406D-9CCA-E6349898E11A}.Debug|Mixed Platforms.Build.0 = Debug|Any CPU
		{B79940B8-1949-406D-9CCA-E6349898E11A}.Release|Mixed Platforms.ActiveCfg = Release|Any CPU
		{B79940B8-1949-406D-9CCA-E6349898E11A}.Release|Mixed Platforms.Build.0 = Release|Any CPU
		{1763F21F-531C-4E86-ACFC-9A8BF903F945}.Debug|Mixed Platforms.ActiveCfg = Debug|Any CPU
		{1763F21F-531C-4E86-ACFC-9A8BF903F945}.Debug|Mixed Platforms.Build.0 = Debug|Any CPU
		{1763F21F-531C-4E86-ACFC-9A8BF903F945}.Release|Mixed Platforms.ActiveCfg = Release|Any CPU
		{1763F21F-531C-4E86-ACFC-9A8BF903F945}.Release|Mixed Platforms.Build.0 = Release|Any CPU
		{F47CE8AE-22DA-4666-8371-01E7A32D539B}.Debug|Mixed Platforms.ActiveCfg = Debug|Any CPU
		{F47CE8AE-22DA-4666-8371-01E7A32D539B}.Debug|Mixed Platforms.Build.0 = Debug|Any CPU
		{F47CE8AE-22DA-4666-8371-01E7A32D539B}.Release|Mixed Platforms.ActiveCfg = Release|Any CPU
		{F47CE8AE-22DA-4666-8371-01E7A32D539B}.Release|Mixed Platforms.Build.0 = Release|Any CPU
		{12C435C1-FE1C-4368-8FE5-A29B22A8F962}.Debug|Mixed Platforms.ActiveCfg = Debug|Any CPU
		{12C435C1-FE1C-4368-8FE5-A29B22A8F962}.Debug|Mixed Platforms.Build.0 = Debug|Any CPU
		{12C435C1-FE1C-4368-8FE5-A29B22A8F962}.Release|Mixed Platforms.ActiveCfg = Release|Any CPU
		{12C435C1-FE1C-4368-8FE5-A29B22A8F962}.Release|Mixed Platforms.Build.0 = Release|Any CPU
		{3214FB15-2359-48EC-A926-2CAA47E4D826}.Debug|Mixed Platforms.ActiveCfg = Debug|Any CPU
		{3214FB15-2359-48EC-A926-2CAA47E4D826}.Debug|Mixed Platforms.Build.0 = Debug|Any CPU
		{3214FB15-2359-48EC-A926-2CAA47E4D826}.Release|Mixed Platforms.ActiveCfg = Release|Any CPU
		{3214FB15-2359-48EC-A926-2CAA47E4D826}.Release|Mixed Platforms.Build.0 = Release|Any CPU
		{E1A18D12-1199-47D2-8B70-CB75749B1674}.Debug|Mixed Platforms.ActiveCfg = Debug|Any CPU
		{E1A18D12-1199-47D2-8B70-CB75749B1674}.Debug|Mixed Platforms.Build.0 = Debug|Any CPU
		{E1A18D12-1199-47D2-8B70-CB75749B1674}.Release|Mixed Platforms.ActiveCfg = Release|Any CPU
		{E1A18D12-1199-47D2-8B70-CB75749B1674}.Release|Mixed Platforms.Build.0 = Release|Any CPU
		{D8878C01-CE48-4CAE-BCCE-096A70744F65}.Debug|Mixed Platforms.ActiveCfg = Debug|Any CPU
		{D8878C01-CE48-4CAE-BCCE-096A70744F65}.Debug|Mixed Platforms.Build.0 = Debug|Any CPU
		{D8878C01-CE48-4CAE-BCCE-096A70744F65}.Release|Mixed Platforms.ActiveCfg = Release|Any CPU
		{D8878C01-CE48-4CAE-BCCE-096A70744F65}.Release|Mixed Platforms.Build.0 = Release|Any CPU
		{81E5BEC0-B845-4470-BD19-9FCB121CB413}.Debug|Mixed Platforms.ActiveCfg = Debug|Any CPU
		{81E5BEC0-B845-4470-BD19-9FCB121CB413}.Debug|Mixed Platforms.Build.0 = Debug|Any CPU
		{81E5BEC0-B845-4470-BD19-9FCB121CB413}.Release|Mixed Platforms.ActiveCfg = Release|Any CPU
		{81E5BEC0-B845-4470-BD19-9FCB121CB413}.Release|Mixed Platforms.Build.0 = Release|Any CPU
		{028E7899-0D5F-49C8-9EB6-8B051E02F1E0}.Debug|Mixed Platforms.ActiveCfg = Debug|Any CPU
		{028E7899-0D5F-49C8-9EB6-8B051E02F1E0}.Debug|Mixed Platforms.Build.0 = Debug|Any CPU
		{028E7899-0D5F-49C8-9EB6-8B051E02F1E0}.Release|Mixed Platforms.ActiveCfg = Release|Any CPU
		{028E7899-0D5F-49C8-9EB6-8B051E02F1E0}.Release|Mixed Platforms.Build.0 = Release|Any CPU
		{1246CA5E-FF19-4810-B92A-263F1F5E72A6}.Debug|Mixed Platforms.ActiveCfg = Debug|Any CPU
		{1246CA5E-FF19-4810-B92A-263F1F5E72A6}.Debug|Mixed Platforms.Build.0 = Debug|Any CPU
		{1246CA5E-FF19-4810-B92A-263F1F5E72A6}.Release|Mixed Platforms.ActiveCfg = Release|Any CPU
		{1246CA5E-FF19-4810-B92A-263F1F5E72A6}.Release|Mixed Platforms.Build.0 = Release|Any CPU
		{DDB5BD34-5F14-43F5-BC6B-28374737AF23}.Debug|Mixed Platforms.ActiveCfg = Debug|Any CPU
		{DDB5BD34-5F14-43F5-BC6B-28374737AF23}.Debug|Mixed Platforms.Build.0 = Debug|Any CPU
		{DDB5BD34-5F14-43F5-BC6B-28374737AF23}.Release|Mixed Platforms.ActiveCfg = Release|Any CPU
		{DDB5BD34-5F14-43F5-BC6B-28374737AF23}.Release|Mixed Platforms.Build.0 = Release|Any CPU
		{F0DC28F8-34FA-488A-BEF4-3F11398A5339}.Debug|Mixed Platforms.ActiveCfg = Debug|Any CPU
		{F0DC28F8-34FA-488A-BEF4-3F11398A5339}.Debug|Mixed Platforms.Build.0 = Debug|Any CPU
		{F0DC28F8-34FA-488A-BEF4-3F11398A5339}.Release|Mixed Platforms.ActiveCfg = Release|Any CPU
		{F0DC28F8-34FA-488A-BEF4-3F11398A5339}.Release|Mixed Platforms.Build.0 = Release|Any CPU
		{6A28082C-F2B7-40A3-9E32-0AB28E7DA46E}.Debug|Mixed Platforms.ActiveCfg = Debug|Any CPU
		{6A28082C-F2B7-40A3-9E32-0AB28E7DA46E}.Debug|Mixed Platforms.Build.0 = Debug|Any CPU
		{6A28082C-F2B7-40A3-9E32-0AB28E7DA46E}.Release|Mixed Platforms.ActiveCfg = Release|Any CPU
		{6A28082C-F2B7-40A3-9E32-0AB28E7DA46E}.Release|Mixed Platforms.Build.0 = Release|Any CPU
		{EBA04D26-8D5B-4EF5-9898-C2D90373149C}.Debug|Mixed Platforms.ActiveCfg = Debug|Any CPU
		{EBA04D26-8D5B-4EF5-9898-C2D90373149C}.Debug|Mixed Platforms.Build.0 = Debug|Any CPU
		{EBA04D26-8D5B-4EF5-9898-C2D90373149C}.Release|Mixed Platforms.ActiveCfg = Release|Any CPU
		{EBA04D26-8D5B-4EF5-9898-C2D90373149C}.Release|Mixed Platforms.Build.0 = Release|Any CPU
		{17484781-E537-4442-9915-CA47AC5F6858}.Debug|Mixed Platforms.ActiveCfg = Debug|Any CPU
		{17484781-E537-4442-9915-CA47AC5F6858}.Debug|Mixed Platforms.Build.0 = Debug|Any CPU
		{17484781-E537-4442-9915-CA47AC5F6858}.Release|Mixed Platforms.ActiveCfg = Release|Any CPU
		{17484781-E537-4442-9915-CA47AC5F6858}.Release|Mixed Platforms.Build.0 = Release|Any CPU
		{58B51BBB-23D9-4B96-9F1F-8696B71F73C8}.Debug|Mixed Platforms.ActiveCfg = Debug|Any CPU
		{58B51BBB-23D9-4B96-9F1F-8696B71F73C8}.Debug|Mixed Platforms.Build.0 = Debug|Any CPU
		{58B51BBB-23D9-4B96-9F1F-8696B71F73C8}.Release|Mixed Platforms.ActiveCfg = Release|Any CPU
		{58B51BBB-23D9-4B96-9F1F-8696B71F73C8}.Release|Mixed Platforms.Build.0 = Release|Any CPU
		{4A626E26-F384-451A-A966-C90B961D9C8D}.Debug|Mixed Platforms.ActiveCfg = Debug|Any CPU
		{4A626E26-F384-451A-A966-C90B961D9C8D}.Debug|Mixed Platforms.Build.0 = Debug|Any CPU
		{4A626E26-F384-451A-A966-C90B961D9C8D}.Release|Mixed Platforms.ActiveCfg = Release|Any CPU
		{4A626E26-F384-451A-A966-C90B961D9C8D}.Release|Mixed Platforms.Build.0 = Release|Any CPU
		{51F58AF1-F925-4000-A0C3-7C88E290DFB8}.Debug|Mixed Platforms.ActiveCfg = Debug|Any CPU
		{51F58AF1-F925-4000-A0C3-7C88E290DFB8}.Debug|Mixed Platforms.Build.0 = Debug|Any CPU
		{51F58AF1-F925-4000-A0C3-7C88E290DFB8}.Release|Mixed Platforms.ActiveCfg = Release|Any CPU
		{51F58AF1-F925-4000-A0C3-7C88E290DFB8}.Release|Mixed Platforms.Build.0 = Release|Any CPU
		{D641E4E2-23F3-4454-8074-1327EF07BAA1}.Debug|Mixed Platforms.ActiveCfg = Debug|Any CPU
		{D641E4E2-23F3-4454-8074-1327EF07BAA1}.Debug|Mixed Platforms.Build.0 = Debug|Any CPU
		{D641E4E2-23F3-4454-8074-1327EF07BAA1}.Release|Mixed Platforms.ActiveCfg = Release|Any CPU
		{D641E4E2-23F3-4454-8074-1327EF07BAA1}.Release|Mixed Platforms.Build.0 = Release|Any CPU
		{152DAF45-13C9-4A73-90D0-DF774ED12528}.Debug|Mixed Platforms.ActiveCfg = Debug|Any CPU
		{152DAF45-13C9-4A73-90D0-DF774ED12528}.Debug|Mixed Platforms.Build.0 = Debug|Any CPU
		{152DAF45-13C9-4A73-90D0-DF774ED12528}.Release|Mixed Platforms.ActiveCfg = Release|Any CPU
		{152DAF45-13C9-4A73-90D0-DF774ED12528}.Release|Mixed Platforms.Build.0 = Release|Any CPU
		{9731FCDD-0F9F-41C5-B691-8AA9101CE249}.Debug|Mixed Platforms.ActiveCfg = Debug|Any CPU
		{9731FCDD-0F9F-41C5-B691-8AA9101CE249}.Debug|Mixed Platforms.Build.0 = Debug|Any CPU
		{9731FCDD-0F9F-41C5-B691-8AA9101CE249}.Release|Mixed Platforms.ActiveCfg = Release|Any CPU
		{9731FCDD-0F9F-41C5-B691-8AA9101CE249}.Release|Mixed Platforms.Build.0 = Release|Any CPU
		{98E7F7AA-12B2-4A6B-8922-52C8E53B378E}.Debug|Mixed Platforms.ActiveCfg = Debug|Any CPU
		{98E7F7AA-12B2-4A6B-8922-52C8E53B378E}.Debug|Mixed Platforms.Build.0 = Debug|Any CPU
		{98E7F7AA-12B2-4A6B-8922-52C8E53B378E}.Release|Mixed Platforms.ActiveCfg = Release|Any CPU
		{98E7F7AA-12B2-4A6B-8922-52C8E53B378E}.Release|Mixed Platforms.Build.0 = Release|Any CPU
		{81C58D26-AD10-4422-8AB1-999C34CA8D79}.Debug|Mixed Platforms.ActiveCfg = Debug|Any CPU
		{81C58D26-AD10-4422-8AB1-999C34CA8D79}.Debug|Mixed Platforms.Build.0 = Debug|Any CPU
		{81C58D26-AD10-4422-8AB1-999C34CA8D79}.Release|Mixed Platforms.ActiveCfg = Release|Any CPU
		{81C58D26-AD10-4422-8AB1-999C34CA8D79}.Release|Mixed Platforms.Build.0 = Release|Any CPU
		{37304DD7-81D0-4110-B924-D974C04F067C}.Debug|Mixed Platforms.ActiveCfg = Debug|Any CPU
		{37304DD7-81D0-4110-B924-D974C04F067C}.Debug|Mixed Platforms.Build.0 = Debug|Any CPU
		{37304DD7-81D0-4110-B924-D974C04F067C}.Release|Mixed Platforms.ActiveCfg = Release|Any CPU
		{37304DD7-81D0-4110-B924-D974C04F067C}.Release|Mixed Platforms.Build.0 = Release|Any CPU
		{C138ADE5-F991-49A8-8BB3-B5F5381F60DA}.Debug|Mixed Platforms.ActiveCfg = Debug|Any CPU
		{C138ADE5-F991-49A8-8BB3-B5F5381F60DA}.Debug|Mixed Platforms.Build.0 = Debug|Any CPU
		{C138ADE5-F991-49A8-8BB3-B5F5381F60DA}.Release|Mixed Platforms.ActiveCfg = Release|Any CPU
		{C138ADE5-F991-49A8-8BB3-B5F5381F60DA}.Release|Mixed Platforms.Build.0 = Release|Any CPU
		{2177143E-345F-4FAA-9958-1AE2B5EED242}.Debug|Mixed Platforms.ActiveCfg = Debug|Any CPU
		{2177143E-345F-4FAA-9958-1AE2B5EED242}.Debug|Mixed Platforms.Build.0 = Debug|Any CPU
		{2177143E-345F-4FAA-9958-1AE2B5EED242}.Release|Mixed Platforms.ActiveCfg = Release|Any CPU
		{2177143E-345F-4FAA-9958-1AE2B5EED242}.Release|Mixed Platforms.Build.0 = Release|Any CPU
		{2657E4C0-90AB-4B2E-A1B9-90DD4EEE7825}.Debug|Mixed Platforms.ActiveCfg = Debug|x86
		{2657E4C0-90AB-4B2E-A1B9-90DD4EEE7825}.Debug|Mixed Platforms.Build.0 = Debug|x86
		{2657E4C0-90AB-4B2E-A1B9-90DD4EEE7825}.Release|Mixed Platforms.ActiveCfg = Release|x86
		{2657E4C0-90AB-4B2E-A1B9-90DD4EEE7825}.Release|Mixed Platforms.Build.0 = Release|x86
	EndGlobalSection
	GlobalSection(SolutionProperties) = preSolution
		HideSolutionNode = FALSE
	EndGlobalSection
	GlobalSection(NestedProjects) = preSolution
		{2AA369EC-A4E7-4D75-9101-EFA90E902625} = {5B3CB3F6-DE69-41D6-8BBC-EFF4932F0F7E}
		{C216DEC9-8820-4298-B10F-FB4131466B69} = {5B3CB3F6-DE69-41D6-8BBC-EFF4932F0F7E}
		{C2D4102A-6DB9-4997-85BE-AFA6ECF42F1A} = {040CC4EF-ACE9-4832-AC0C-56640F2AB337}
		{717B711E-97AB-4751-97C5-C0491D1919FA} = {040CC4EF-ACE9-4832-AC0C-56640F2AB337}
		{A6505EE0-0F6B-4CB6-ACC7-1C05C0E236BC} = {040CC4EF-ACE9-4832-AC0C-56640F2AB337}
		{2C87FB62-CC00-4297-A3EA-35F4FC6649F0} = {040CC4EF-ACE9-4832-AC0C-56640F2AB337}
		{86C6C68B-3AF4-4ADE-95FD-29D404F114FD} = {040CC4EF-ACE9-4832-AC0C-56640F2AB337}
		{70273934-12F1-49AF-975A-303BAEFE1CAE} = {040CC4EF-ACE9-4832-AC0C-56640F2AB337}
		{6DEF9C11-1D5A-4B14-A4EB-F4C7E7CC3E7B} = {040CC4EF-ACE9-4832-AC0C-56640F2AB337}
		{81E5BEC0-B845-4470-BD19-9FCB121CB413} = {040CC4EF-ACE9-4832-AC0C-56640F2AB337}
		{B719A305-0493-4C72-88FE-9A2FC6964578} = {9F4D90EC-6AD2-495D-BFC3-270DC15974DD}
		{AD1A0CD9-C08C-449C-9A7D-2D8BC5439BDC} = {9F4D90EC-6AD2-495D-BFC3-270DC15974DD}
		{F5416318-15B4-421E-9B44-03CD4C052D5A} = {9F4D90EC-6AD2-495D-BFC3-270DC15974DD}
		{EBBF3A56-5B7B-4CD7-9AA9-74AF17B0B7ED} = {9F4D90EC-6AD2-495D-BFC3-270DC15974DD}
		{44924ED6-8C12-416D-972F-F1F10417E7EF} = {9F4D90EC-6AD2-495D-BFC3-270DC15974DD}
		{2177143E-345F-4FAA-9958-1AE2B5EED242} = {9F4D90EC-6AD2-495D-BFC3-270DC15974DD}
		{FDCCDB1E-0962-41DA-99A1-2DB390C48748} = {72195525-BF6C-43D6-AC96-39E34D02EA34}
		{5F1B88F7-FAFB-45C2-A357-333245870A6B} = {72195525-BF6C-43D6-AC96-39E34D02EA34}
		{5C1EB605-33ED-4A19-91B0-D060638191FB} = {72195525-BF6C-43D6-AC96-39E34D02EA34}
		{390FBB93-A757-47A7-B769-A64A7465FF84} = {72195525-BF6C-43D6-AC96-39E34D02EA34}
		{6D58BB53-8709-48F9-8EF9-0D65B11A162C} = {72195525-BF6C-43D6-AC96-39E34D02EA34}
		{38BAE576-C67B-471D-82C6-91B0BB6F14DA} = {72195525-BF6C-43D6-AC96-39E34D02EA34}
		{FE98ED8D-E645-4E11-9431-FA5EE8ED7C86} = {72195525-BF6C-43D6-AC96-39E34D02EA34}
		{FBE0CBDD-82FF-4173-8536-47D3B5BC2E98} = {C0D62499-EEFC-43D4-9A08-659096A10886}
		{E294058B-D4F0-4124-BD22-15E44F57749B} = {C0D62499-EEFC-43D4-9A08-659096A10886}
		{7CA0F5EF-CDEA-4B5D-9954-1CC50973C7D0} = {C0D62499-EEFC-43D4-9A08-659096A10886}
		{AC34B1D8-A295-44A4-AE9D-8167B3C3ED44} = {C0D62499-EEFC-43D4-9A08-659096A10886}
		{EF86BF16-81EF-4F51-B2B1-DB3C7C1E4CDE} = {C0D62499-EEFC-43D4-9A08-659096A10886}
		{DF8BA786-9679-4879-8757-16AE2709D83A} = {2E32EB1E-B3AA-4ACF-BA20-EC6FD44CC05B}
		{9B6F6D1A-A7EA-4EE8-B36E-E31CF7E518E3} = {2E32EB1E-B3AA-4ACF-BA20-EC6FD44CC05B}
		{DD30FC13-485F-425D-8FA0-0CE8998B925D} = {2E32EB1E-B3AA-4ACF-BA20-EC6FD44CC05B}
		{0B5318E7-4878-402A-8CF8-6BFFC47F571D} = {2E32EB1E-B3AA-4ACF-BA20-EC6FD44CC05B}
		{F3EE8E9C-5230-4D1A-B655-CA65E2D52F21} = {2E32EB1E-B3AA-4ACF-BA20-EC6FD44CC05B}
		{6693589F-085C-4CB7-A28A-426F19C19E6B} = {2E32EB1E-B3AA-4ACF-BA20-EC6FD44CC05B}
		{2ADC369A-4CE5-4378-B72E-4FBEDD8FA724} = {2E32EB1E-B3AA-4ACF-BA20-EC6FD44CC05B}
		{88CA7395-A63D-4934-ADA7-7D0600C85DA3} = {2E32EB1E-B3AA-4ACF-BA20-EC6FD44CC05B}
		{558839F6-D762-47BA-A26C-1D4AA75D0994} = {E1B271E4-22E6-4936-80A5-F0340AAB20A8}
		{1FF52B13-C212-4ADA-86E0-04E49A808FE0} = {E1B271E4-22E6-4936-80A5-F0340AAB20A8}
		{F9D890F8-EB08-4D58-BDFA-6C6540F15795} = {E1B271E4-22E6-4936-80A5-F0340AAB20A8}
		{990B8638-A08F-4A94-B01A-E7DAEF089F27} = {E1B271E4-22E6-4936-80A5-F0340AAB20A8}
		{65B86B2E-D54D-425B-B681-82449E31BA01} = {E1B271E4-22E6-4936-80A5-F0340AAB20A8}
		{28A3431B-A3A8-4E8D-BDA8-CB3CC7EA2894} = {E1B271E4-22E6-4936-80A5-F0340AAB20A8}
		{3214FB15-2359-48EC-A926-2CAA47E4D826} = {E1B271E4-22E6-4936-80A5-F0340AAB20A8}
		{2657E4C0-90AB-4B2E-A1B9-90DD4EEE7825} = {E1B271E4-22E6-4936-80A5-F0340AAB20A8}
		{B5CBF254-BC60-4018-A772-DAD5DE4C96EE} = {41F62020-3A67-4A33-B82A-9442510269E3}
		{7ACCED5E-6AE7-477D-8D15-ED33DEAB0FD9} = {41F62020-3A67-4A33-B82A-9442510269E3}
		{F3AB6F46-3776-4562-8BB2-FFFDE7E62BE0} = {41F62020-3A67-4A33-B82A-9442510269E3}
		{B79940B8-1949-406D-9CCA-E6349898E11A} = {41F62020-3A67-4A33-B82A-9442510269E3}
		{1763F21F-531C-4E86-ACFC-9A8BF903F945} = {41F62020-3A67-4A33-B82A-9442510269E3}
		{F47CE8AE-22DA-4666-8371-01E7A32D539B} = {41F62020-3A67-4A33-B82A-9442510269E3}
		{12C435C1-FE1C-4368-8FE5-A29B22A8F962} = {41F62020-3A67-4A33-B82A-9442510269E3}
		{E1A18D12-1199-47D2-8B70-CB75749B1674} = {41F62020-3A67-4A33-B82A-9442510269E3}
		{D8878C01-CE48-4CAE-BCCE-096A70744F65} = {41F62020-3A67-4A33-B82A-9442510269E3}
		{028E7899-0D5F-49C8-9EB6-8B051E02F1E0} = {955E99DD-2136-40BB-9EAF-24CED6006803}
		{1246CA5E-FF19-4810-B92A-263F1F5E72A6} = {955E99DD-2136-40BB-9EAF-24CED6006803}
		{DDB5BD34-5F14-43F5-BC6B-28374737AF23} = {955E99DD-2136-40BB-9EAF-24CED6006803}
		{F0DC28F8-34FA-488A-BEF4-3F11398A5339} = {955E99DD-2136-40BB-9EAF-24CED6006803}
		{6A28082C-F2B7-40A3-9E32-0AB28E7DA46E} = {955E99DD-2136-40BB-9EAF-24CED6006803}
		{EBA04D26-8D5B-4EF5-9898-C2D90373149C} = {955E99DD-2136-40BB-9EAF-24CED6006803}
		{17484781-E537-4442-9915-CA47AC5F6858} = {955E99DD-2136-40BB-9EAF-24CED6006803}
		{58B51BBB-23D9-4B96-9F1F-8696B71F73C8} = {988D8C19-2325-4EBC-B74F-1EFC0E620587}
		{4A626E26-F384-451A-A966-C90B961D9C8D} = {988D8C19-2325-4EBC-B74F-1EFC0E620587}
		{51F58AF1-F925-4000-A0C3-7C88E290DFB8} = {5D41A27E-2DB6-4BFB-B65E-CE4344369B88}
		{D641E4E2-23F3-4454-8074-1327EF07BAA1} = {5D41A27E-2DB6-4BFB-B65E-CE4344369B88}
		{152DAF45-13C9-4A73-90D0-DF774ED12528} = {5D41A27E-2DB6-4BFB-B65E-CE4344369B88}
		{9731FCDD-0F9F-41C5-B691-8AA9101CE249} = {5D41A27E-2DB6-4BFB-B65E-CE4344369B88}
		{98E7F7AA-12B2-4A6B-8922-52C8E53B378E} = {2E38AD70-ECDF-4722-981C-7388C446A514}
		{81C58D26-AD10-4422-8AB1-999C34CA8D79} = {2E38AD70-ECDF-4722-981C-7388C446A514}
		{37304DD7-81D0-4110-B924-D974C04F067C} = {2E38AD70-ECDF-4722-981C-7388C446A514}
		{C138ADE5-F991-49A8-8BB3-B5F5381F60DA} = {2E38AD70-ECDF-4722-981C-7388C446A514}
	EndGlobalSection
	GlobalSection(TextTemplating) = postSolution
		TextTemplating = 1
	EndGlobalSection
EndGlobal
