
Microsoft Visual Studio Solution File, Format Version 12.00
# Visual Studio 2013
VisualStudioVersion = 12.0.31101.0
MinimumVisualStudioVersion = 10.0.40219.1
Project("{2150E333-8FDC-42A3-9474-1A3956D46DE8}") = "Solution Items", "Solution Items", "{8A51AD28-5762-462C-B619-7836416AB3C6}"
	ProjectSection(SolutionItems) = preProject
		.BuildProject = .BuildProject
		How to build TypePipe.txt = How to build TypePipe.txt
	EndProjectSection
EndProject
Project("{FAE04EC0-301F-11D3-BF4B-00C04F79EFBC}") = "Core", "Core\Core.csproj", "{98E7F7AA-12B2-4A6B-8922-52C8E53B378E}"
EndProject
Project("{FAE04EC0-301F-11D3-BF4B-00C04F79EFBC}") = "IntegrationTests", "IntegrationTests\IntegrationTests.csproj", "{37304DD7-81D0-4110-B924-D974C04F067C}"
EndProject
Project("{FAE04EC0-301F-11D3-BF4B-00C04F79EFBC}") = "Core.UnitTests", "Core.UnitTests\Core.UnitTests.csproj", "{81C58D26-AD10-4422-8AB1-999C34CA8D79}"
EndProject
Project("{FAE04EC0-301F-11D3-BF4B-00C04F79EFBC}") = "Development", "Development\Development.csproj", "{F6FAF727-9405-4BCC-9153-803F73853E67}"
EndProject
Project("{2150E333-8FDC-42A3-9474-1A3956D46DE8}") = ".nuget", ".nuget", "{9646C3FE-4FC7-4FF5-AD16-8A5AF052E6E3}"
	ProjectSection(SolutionItems) = preProject
		.nuget\packages.config = .nuget\packages.config
	EndProjectSection
EndProject
Project("{FAE04EC0-301F-11D3-BF4B-00C04F79EFBC}") = "Build", "Build\Build.csproj", "{6A1A04E3-5411-4F8C-BCB8-0FE00884DC5A}"
EndProject
Project("{FAE04EC0-301F-11D3-BF4B-00C04F79EFBC}") = "Documentation", "Documentation\Documentation.csproj", "{CCF6D89F-A4A4-4A35-8324-B014F72C11BD}"
EndProject
Global
	GlobalSection(SolutionConfigurationPlatforms) = preSolution
		Debug|Any CPU = Debug|Any CPU
		Release|Any CPU = Release|Any CPU
	EndGlobalSection
	GlobalSection(ProjectConfigurationPlatforms) = postSolution
		{98E7F7AA-12B2-4A6B-8922-52C8E53B378E}.Debug|Any CPU.ActiveCfg = Debug|Any CPU
		{98E7F7AA-12B2-4A6B-8922-52C8E53B378E}.Debug|Any CPU.Build.0 = Debug|Any CPU
		{98E7F7AA-12B2-4A6B-8922-52C8E53B378E}.Release|Any CPU.ActiveCfg = Release|Any CPU
		{98E7F7AA-12B2-4A6B-8922-52C8E53B378E}.Release|Any CPU.Build.0 = Release|Any CPU
		{37304DD7-81D0-4110-B924-D974C04F067C}.Debug|Any CPU.ActiveCfg = Debug|Any CPU
		{37304DD7-81D0-4110-B924-D974C04F067C}.Debug|Any CPU.Build.0 = Debug|Any CPU
		{37304DD7-81D0-4110-B924-D974C04F067C}.Release|Any CPU.ActiveCfg = Release|Any CPU
		{37304DD7-81D0-4110-B924-D974C04F067C}.Release|Any CPU.Build.0 = Release|Any CPU
		{81C58D26-AD10-4422-8AB1-999C34CA8D79}.Debug|Any CPU.ActiveCfg = Debug|Any CPU
		{81C58D26-AD10-4422-8AB1-999C34CA8D79}.Debug|Any CPU.Build.0 = Debug|Any CPU
		{81C58D26-AD10-4422-8AB1-999C34CA8D79}.Release|Any CPU.ActiveCfg = Release|Any CPU
		{81C58D26-AD10-4422-8AB1-999C34CA8D79}.Release|Any CPU.Build.0 = Release|Any CPU
		{F6FAF727-9405-4BCC-9153-803F73853E67}.Debug|Any CPU.ActiveCfg = Debug|Any CPU
		{F6FAF727-9405-4BCC-9153-803F73853E67}.Debug|Any CPU.Build.0 = Debug|Any CPU
		{F6FAF727-9405-4BCC-9153-803F73853E67}.Release|Any CPU.ActiveCfg = Release|Any CPU
		{F6FAF727-9405-4BCC-9153-803F73853E67}.Release|Any CPU.Build.0 = Release|Any CPU
		{6A1A04E3-5411-4F8C-BCB8-0FE00884DC5A}.Debug|Any CPU.ActiveCfg = Debug|Any CPU
		{6A1A04E3-5411-4F8C-BCB8-0FE00884DC5A}.Debug|Any CPU.Build.0 = Debug|Any CPU
		{6A1A04E3-5411-4F8C-BCB8-0FE00884DC5A}.Release|Any CPU.ActiveCfg = Release|Any CPU
		{6A1A04E3-5411-4F8C-BCB8-0FE00884DC5A}.Release|Any CPU.Build.0 = Release|Any CPU
		{CCF6D89F-A4A4-4A35-8324-B014F72C11BD}.Debug|Any CPU.ActiveCfg = Debug|Any CPU
		{CCF6D89F-A4A4-4A35-8324-B014F72C11BD}.Debug|Any CPU.Build.0 = Debug|Any CPU
		{CCF6D89F-A4A4-4A35-8324-B014F72C11BD}.Release|Any CPU.ActiveCfg = Release|Any CPU
		{CCF6D89F-A4A4-4A35-8324-B014F72C11BD}.Release|Any CPU.Build.0 = Release|Any CPU
	EndGlobalSection
	GlobalSection(SolutionProperties) = preSolution
		HideSolutionNode = FALSE
	EndGlobalSection
EndGlobal
